PODS:
  - Alamofire (4.0.1)
  - FeedlyKit (1.0.0):
    - Alamofire (~> 4.0)
    - SwiftyJSON (~> 3.0)
  - SwiftyJSON (3.1.1)

DEPENDENCIES:
  - FeedlyKit (from `../`)

EXTERNAL SOURCES:
  FeedlyKit:
    :path: "../"

SPEC CHECKSUMS:
  Alamofire: 7682d43245de14874acd142ec137b144aa1dd335
  FeedlyKit: fb84749502ecbf2d3fb0b42c35927bd1630b26bd
  SwiftyJSON: f0be2e604f83e8405a624e9f891898bf6ed4e019

PODFILE CHECKSUM: fcc50ddc80129dcc43fdc50c02a17cef3acaaf3e

COCOAPODS: 1.1.1
