// !$*UTF8*$!
{
	archiveVersion = 1;
	classes = {
	};
	objectVersion = 46;
	objects = {

/* Begin PBXBuildFile section */
		67213E9C1A6B51300074471B /* Marker.swift in Sources */ = {isa = PBXBuildFile; fileRef = 67213E9B1A6B51300074471B /* Marker.swift */; };
		6729EB011C881C1F00A787B1 /* StringExtension.swift in Sources */ = {isa = PBXBuildFile; fileRef = 6729EB001C881C1F00A787B1 /* StringExtension.swift */; };
		6729EB021C881C1F00A787B1 /* StringExtension.swift in Sources */ = {isa = PBXBuildFile; fileRef = 6729EB001C881C1F00A787B1 /* StringExtension.swift */; };
		67363B521A716077009F8FBC /* MarkersAPI.swift in Sources */ = {isa = PBXBuildFile; fileRef = 67363B511A716077009F8FBC /* MarkersAPI.swift */; };
		67363B531A716077009F8FBC /* MarkersAPI.swift in Sources */ = {isa = PBXBuildFile; fileRef = 67363B511A716077009F8FBC /* MarkersAPI.swift */; };
		67363B561A73669C009F8FBC /* FeedsAPI.swift in Sources */ = {isa = PBXBuildFile; fileRef = 67363B541A73669B009F8FBC /* FeedsAPI.swift */; };
		67363B571A73669C009F8FBC /* FeedsAPI.swift in Sources */ = {isa = PBXBuildFile; fileRef = 67363B541A73669B009F8FBC /* FeedsAPI.swift */; };
		67363B581A73669C009F8FBC /* TagsAPI.swift in Sources */ = {isa = PBXBuildFile; fileRef = 67363B551A73669B009F8FBC /* TagsAPI.swift */; };
		67363B591A73669C009F8FBC /* TagsAPI.swift in Sources */ = {isa = PBXBuildFile; fileRef = 67363B551A73669B009F8FBC /* TagsAPI.swift */; };
		67363B5C1A7366AA009F8FBC /* Link.swift in Sources */ = {isa = PBXBuildFile; fileRef = 67363B5A1A7366AA009F8FBC /* Link.swift */; };
		67363B5D1A7366AA009F8FBC /* Link.swift in Sources */ = {isa = PBXBuildFile; fileRef = 67363B5A1A7366AA009F8FBC /* Link.swift */; };
		67363B5E1A7366AA009F8FBC /* Visual.swift in Sources */ = {isa = PBXBuildFile; fileRef = 67363B5B1A7366AA009F8FBC /* Visual.swift */; };
		67363B5F1A7366AA009F8FBC /* Visual.swift in Sources */ = {isa = PBXBuildFile; fileRef = 67363B5B1A7366AA009F8FBC /* Visual.swift */; };
		67363B621A7366DB009F8FBC /* CloudAPISpec.swift in Sources */ = {isa = PBXBuildFile; fileRef = 67363B601A7366DB009F8FBC /* CloudAPISpec.swift */; };
		67363B631A7366DB009F8FBC /* CloudAPISpec.swift in Sources */ = {isa = PBXBuildFile; fileRef = 67363B601A7366DB009F8FBC /* CloudAPISpec.swift */; };
		67363B641A7366DB009F8FBC /* EntrySpec.swift in Sources */ = {isa = PBXBuildFile; fileRef = 67363B611A7366DB009F8FBC /* EntrySpec.swift */; };
		67363B651A7366DB009F8FBC /* EntrySpec.swift in Sources */ = {isa = PBXBuildFile; fileRef = 67363B611A7366DB009F8FBC /* EntrySpec.swift */; };
		674A5B161A6A3F3B00F7B534 /* create_tag.json in Resources */ = {isa = PBXBuildFile; fileRef = 674A5AFE1A6A3F1100F7B534 /* create_tag.json */; };
		674A5B171A6A3F3B00F7B534 /* entries.json in Resources */ = {isa = PBXBuildFile; fileRef = 674A5AFF1A6A3F1100F7B534 /* entries.json */; };
		674A5B181A6A3F3B00F7B534 /* entry.json in Resources */ = {isa = PBXBuildFile; fileRef = 674A5B001A6A3F1100F7B534 /* entry.json */; };
		674A5B191A6A3F3B00F7B534 /* feed.json in Resources */ = {isa = PBXBuildFile; fileRef = 674A5B011A6A3F1100F7B534 /* feed.json */; };
		674A5B1A1A6A3F3B00F7B534 /* feeds.json in Resources */ = {isa = PBXBuildFile; fileRef = 674A5B021A6A3F1100F7B534 /* feeds.json */; };
		674A5B1B1A6A3F3B00F7B534 /* keep_as_unread.json in Resources */ = {isa = PBXBuildFile; fileRef = 674A5B031A6A3F1100F7B534 /* keep_as_unread.json */; };
		674A5B1C1A6A3F3B00F7B534 /* makers_counts.json in Resources */ = {isa = PBXBuildFile; fileRef = 674A5B041A6A3F1100F7B534 /* makers_counts.json */; };
		674A5B1D1A6A3F3B00F7B534 /* mark_as_read.json in Resources */ = {isa = PBXBuildFile; fileRef = 674A5B051A6A3F1100F7B534 /* mark_as_read.json */; };
		674A5B1E1A6A3F3B00F7B534 /* mark_category_as_read.json in Resources */ = {isa = PBXBuildFile; fileRef = 674A5B061A6A3F1100F7B534 /* mark_category_as_read.json */; };
		674A5B1F1A6A3F3B00F7B534 /* mark_feed_as_read.json in Resources */ = {isa = PBXBuildFile; fileRef = 674A5B071A6A3F1100F7B534 /* mark_feed_as_read.json */; };
		674A5B201A6A3F3B00F7B534 /* profile.json in Resources */ = {isa = PBXBuildFile; fileRef = 674A5B081A6A3F1100F7B534 /* profile.json */; };
		674A5B211A6A3F3B00F7B534 /* undo_mark_as_read.json in Resources */ = {isa = PBXBuildFile; fileRef = 674A5B091A6A3F1100F7B534 /* undo_mark_as_read.json */; };
		674A5B221A6A3F4B00F7B534 /* create_tag.json in Resources */ = {isa = PBXBuildFile; fileRef = 674A5AFE1A6A3F1100F7B534 /* create_tag.json */; };
		674A5B231A6A3F4B00F7B534 /* entries.json in Resources */ = {isa = PBXBuildFile; fileRef = 674A5AFF1A6A3F1100F7B534 /* entries.json */; };
		674A5B241A6A3F4B00F7B534 /* entry.json in Resources */ = {isa = PBXBuildFile; fileRef = 674A5B001A6A3F1100F7B534 /* entry.json */; };
		674A5B251A6A3F4B00F7B534 /* feed.json in Resources */ = {isa = PBXBuildFile; fileRef = 674A5B011A6A3F1100F7B534 /* feed.json */; };
		674A5B261A6A3F4B00F7B534 /* feeds.json in Resources */ = {isa = PBXBuildFile; fileRef = 674A5B021A6A3F1100F7B534 /* feeds.json */; };
		674A5B271A6A3F4B00F7B534 /* keep_as_unread.json in Resources */ = {isa = PBXBuildFile; fileRef = 674A5B031A6A3F1100F7B534 /* keep_as_unread.json */; };
		674A5B281A6A3F4B00F7B534 /* makers_counts.json in Resources */ = {isa = PBXBuildFile; fileRef = 674A5B041A6A3F1100F7B534 /* makers_counts.json */; };
		674A5B291A6A3F4B00F7B534 /* mark_as_read.json in Resources */ = {isa = PBXBuildFile; fileRef = 674A5B051A6A3F1100F7B534 /* mark_as_read.json */; };
		674A5B2A1A6A3F4B00F7B534 /* mark_category_as_read.json in Resources */ = {isa = PBXBuildFile; fileRef = 674A5B061A6A3F1100F7B534 /* mark_category_as_read.json */; };
		674A5B2B1A6A3F4B00F7B534 /* mark_feed_as_read.json in Resources */ = {isa = PBXBuildFile; fileRef = 674A5B071A6A3F1100F7B534 /* mark_feed_as_read.json */; };
		674A5B2C1A6A3F4B00F7B534 /* profile.json in Resources */ = {isa = PBXBuildFile; fileRef = 674A5B081A6A3F1100F7B534 /* profile.json */; };
		674A5B2D1A6A3F4B00F7B534 /* undo_mark_as_read.json in Resources */ = {isa = PBXBuildFile; fileRef = 674A5B091A6A3F1100F7B534 /* undo_mark_as_read.json */; };
		6764910B1A6BE30400AD505D /* subscription.json in Resources */ = {isa = PBXBuildFile; fileRef = 676491031A6BE2E400AD505D /* subscription.json */; };
		6764910C1A6BE30400AD505D /* subscriptions.json in Resources */ = {isa = PBXBuildFile; fileRef = 676491041A6BE2E400AD505D /* subscriptions.json */; };
		6764910D1A6BE30400AD505D /* tags.json in Resources */ = {isa = PBXBuildFile; fileRef = 676491051A6BE2E400AD505D /* tags.json */; };
		6764910E1A6BE30400AD505D /* topics.json in Resources */ = {isa = PBXBuildFile; fileRef = 676491061A6BE2E400AD505D /* topics.json */; };
		6764910F1A6BE30400AD505D /* preferences.json in Resources */ = {isa = PBXBuildFile; fileRef = 67F606BF1A6B4A00002DEAC1 /* preferences.json */; };
		676491101A6BE31400AD505D /* subscription.json in Resources */ = {isa = PBXBuildFile; fileRef = 676491031A6BE2E400AD505D /* subscription.json */; };
		676491111A6BE31400AD505D /* subscriptions.json in Resources */ = {isa = PBXBuildFile; fileRef = 676491041A6BE2E400AD505D /* subscriptions.json */; };
		676491121A6BE31400AD505D /* tags.json in Resources */ = {isa = PBXBuildFile; fileRef = 676491051A6BE2E400AD505D /* tags.json */; };
		676491131A6BE31400AD505D /* topics.json in Resources */ = {isa = PBXBuildFile; fileRef = 676491061A6BE2E400AD505D /* topics.json */; };
		676491141A6BE31400AD505D /* preferences.json in Resources */ = {isa = PBXBuildFile; fileRef = 67F606BF1A6B4A00002DEAC1 /* preferences.json */; };
		676491161A6BE52700AD505D /* SubscriptionSpec.swift in Sources */ = {isa = PBXBuildFile; fileRef = 676491151A6BE52700AD505D /* SubscriptionSpec.swift */; };
		676491171A6BE52700AD505D /* SubscriptionSpec.swift in Sources */ = {isa = PBXBuildFile; fileRef = 676491151A6BE52700AD505D /* SubscriptionSpec.swift */; };
		678EAF331C908571006F7FDD /* StreamsAPISpec.swift in Sources */ = {isa = PBXBuildFile; fileRef = 678EAF321C908571006F7FDD /* StreamsAPISpec.swift */; };
		678EAF341C908571006F7FDD /* StreamsAPISpec.swift in Sources */ = {isa = PBXBuildFile; fileRef = 678EAF321C908571006F7FDD /* StreamsAPISpec.swift */; };
		678EAF361C9191D9006F7FDD /* API.swift in Sources */ = {isa = PBXBuildFile; fileRef = 678EAF351C9191D9006F7FDD /* API.swift */; };
		678EAF371C91C024006F7FDD /* API.swift in Sources */ = {isa = PBXBuildFile; fileRef = 678EAF351C9191D9006F7FDD /* API.swift */; };
		678EAF391C91C044006F7FDD /* FeedsAPISpec.swift in Sources */ = {isa = PBXBuildFile; fileRef = 678EAF381C91C044006F7FDD /* FeedsAPISpec.swift */; };
		678EAF3A1C91C044006F7FDD /* FeedsAPISpec.swift in Sources */ = {isa = PBXBuildFile; fileRef = 678EAF381C91C044006F7FDD /* FeedsAPISpec.swift */; };
		678EAF3C1C91C483006F7FDD /* EntriesAPISpec.swift in Sources */ = {isa = PBXBuildFile; fileRef = 678EAF3B1C91C483006F7FDD /* EntriesAPISpec.swift */; };
		678EAF3D1C91C483006F7FDD /* EntriesAPISpec.swift in Sources */ = {isa = PBXBuildFile; fileRef = 678EAF3B1C91C483006F7FDD /* EntriesAPISpec.swift */; };
		678EAF3F1C91CFF0006F7FDD /* SubscriptionsAPISpec.swift in Sources */ = {isa = PBXBuildFile; fileRef = 678EAF3E1C91CFF0006F7FDD /* SubscriptionsAPISpec.swift */; };
		678EAF401C91CFF0006F7FDD /* SubscriptionsAPISpec.swift in Sources */ = {isa = PBXBuildFile; fileRef = 678EAF3E1C91CFF0006F7FDD /* SubscriptionsAPISpec.swift */; };
		678EAF421C930689006F7FDD /* ProfileAPISpec.swift in Sources */ = {isa = PBXBuildFile; fileRef = 678EAF411C930689006F7FDD /* ProfileAPISpec.swift */; };
		678EAF431C930689006F7FDD /* ProfileAPISpec.swift in Sources */ = {isa = PBXBuildFile; fileRef = 678EAF411C930689006F7FDD /* ProfileAPISpec.swift */; };
		678EAF451C9381EF006F7FDD /* CategoriesAPISPec.swift in Sources */ = {isa = PBXBuildFile; fileRef = 678EAF441C9381EF006F7FDD /* CategoriesAPISPec.swift */; };
		678EAF461C9381EF006F7FDD /* CategoriesAPISPec.swift in Sources */ = {isa = PBXBuildFile; fileRef = 678EAF441C9381EF006F7FDD /* CategoriesAPISPec.swift */; };
		678EAF481C938D3C006F7FDD /* TagsAPISpec.swift in Sources */ = {isa = PBXBuildFile; fileRef = 678EAF471C938D3C006F7FDD /* TagsAPISpec.swift */; };
		678EAF491C938D3C006F7FDD /* TagsAPISpec.swift in Sources */ = {isa = PBXBuildFile; fileRef = 678EAF471C938D3C006F7FDD /* TagsAPISpec.swift */; };
		678EAF4B1C940851006F7FDD /* MarkersAPISpec.swift in Sources */ = {isa = PBXBuildFile; fileRef = 678EAF4A1C940851006F7FDD /* MarkersAPISpec.swift */; };
		678EAF4C1C940851006F7FDD /* MarkersAPISpec.swift in Sources */ = {isa = PBXBuildFile; fileRef = 678EAF4A1C940851006F7FDD /* MarkersAPISpec.swift */; };
		6796477F1A6B50F500D133E6 /* Evernote.swift in Sources */ = {isa = PBXBuildFile; fileRef = 6796477A1A6B50F500D133E6 /* Evernote.swift */; };
		679647811A6B50F500D133E6 /* Microsoft.swift in Sources */ = {isa = PBXBuildFile; fileRef = 6796477C1A6B50F500D133E6 /* Microsoft.swift */; };
		679647831A6B50F500D133E6 /* Twitter.swift in Sources */ = {isa = PBXBuildFile; fileRef = 6796477E1A6B50F500D133E6 /* Twitter.swift */; };
		679CC12B1A6BCF7B003846D8 /* Origin.swift in Sources */ = {isa = PBXBuildFile; fileRef = 679CC12A1A6BCF7B003846D8 /* Origin.swift */; };
		679CC12C1A6BCF7B003846D8 /* Origin.swift in Sources */ = {isa = PBXBuildFile; fileRef = 679CC12A1A6BCF7B003846D8 /* Origin.swift */; };
		679CC12E1A6BD2D6003846D8 /* Content.swift in Sources */ = {isa = PBXBuildFile; fileRef = 679CC12D1A6BD2D6003846D8 /* Content.swift */; };
		679CC12F1A6BD2D6003846D8 /* Content.swift in Sources */ = {isa = PBXBuildFile; fileRef = 679CC12D1A6BD2D6003846D8 /* Content.swift */; };
		679CC1341A6BD9BB003846D8 /* FeedSpec.swift in Sources */ = {isa = PBXBuildFile; fileRef = 679CC1331A6BD9BB003846D8 /* FeedSpec.swift */; };
		679CC1351A6BD9BB003846D8 /* FeedSpec.swift in Sources */ = {isa = PBXBuildFile; fileRef = 679CC1331A6BD9BB003846D8 /* FeedSpec.swift */; };
		67B370371A6E10B100B31D57 /* StreamsAPI.swift in Sources */ = {isa = PBXBuildFile; fileRef = 67B370361A6E10B100B31D57 /* StreamsAPI.swift */; };
		67B370381A6E10B100B31D57 /* StreamsAPI.swift in Sources */ = {isa = PBXBuildFile; fileRef = 67B370361A6E10B100B31D57 /* StreamsAPI.swift */; };
		67B3703A1A6E10C100B31D57 /* SubscriptionsAPI.swift in Sources */ = {isa = PBXBuildFile; fileRef = 67B370391A6E10C100B31D57 /* SubscriptionsAPI.swift */; };
		67B3703B1A6E10C100B31D57 /* SubscriptionsAPI.swift in Sources */ = {isa = PBXBuildFile; fileRef = 67B370391A6E10C100B31D57 /* SubscriptionsAPI.swift */; };
		67B3703D1A6EA37800B31D57 /* CategoriesAPI.swift in Sources */ = {isa = PBXBuildFile; fileRef = 67B3703C1A6EA37800B31D57 /* CategoriesAPI.swift */; };
		67B3703E1A6EA37800B31D57 /* CategoriesAPI.swift in Sources */ = {isa = PBXBuildFile; fileRef = 67B3703C1A6EA37800B31D57 /* CategoriesAPI.swift */; };
		67B370401A6EA38C00B31D57 /* EntriesAPI.swift in Sources */ = {isa = PBXBuildFile; fileRef = 67B3703F1A6EA38C00B31D57 /* EntriesAPI.swift */; };
		67B370411A6EA38C00B31D57 /* EntriesAPI.swift in Sources */ = {isa = PBXBuildFile; fileRef = 67B3703F1A6EA38C00B31D57 /* EntriesAPI.swift */; };
		67B370431A6EA3A500B31D57 /* ProfileAPI.swift in Sources */ = {isa = PBXBuildFile; fileRef = 67B370421A6EA3A500B31D57 /* ProfileAPI.swift */; };
		67B370441A6EA3A500B31D57 /* ProfileAPI.swift in Sources */ = {isa = PBXBuildFile; fileRef = 67B370421A6EA3A500B31D57 /* ProfileAPI.swift */; };
		67B510111A6992C700BB46B7 /* Alamofire.framework in Frameworks */ = {isa = PBXBuildFile; fileRef = 67C9DE481A638E1900B73CCA /* Alamofire.framework */; };
		67B510121A6992C700BB46B7 /* SwiftyJSON.framework in Frameworks */ = {isa = PBXBuildFile; fileRef = 67C9DE491A638E1900B73CCA /* SwiftyJSON.framework */; };
		67B510241A69943D00BB46B7 /* Nimble.framework in Frameworks */ = {isa = PBXBuildFile; fileRef = 67C9DE531A639C7800B73CCA /* Nimble.framework */; };
		67B510251A69943D00BB46B7 /* Quick.framework in Frameworks */ = {isa = PBXBuildFile; fileRef = 67C9DE541A639C7900B73CCA /* Quick.framework */; };
		67B5102A1A6994AB00BB46B7 /* Nimble.framework in Frameworks */ = {isa = PBXBuildFile; fileRef = 67B510281A6994AB00BB46B7 /* Nimble.framework */; };
		67B5102B1A6994AB00BB46B7 /* Quick.framework in Frameworks */ = {isa = PBXBuildFile; fileRef = 67B510291A6994AB00BB46B7 /* Quick.framework */; };
		67B510311A69963600BB46B7 /* Alamofire.framework in Frameworks */ = {isa = PBXBuildFile; fileRef = 67B510261A69949B00BB46B7 /* Alamofire.framework */; };
		67B510381A69E67D00BB46B7 /* SwiftyJSON.framework in Frameworks */ = {isa = PBXBuildFile; fileRef = 67B510371A69E67D00BB46B7 /* SwiftyJSON.framework */; };
		67B5103B1A69E7EB00BB46B7 /* SwiftyJSON.framework in CopyFiles */ = {isa = PBXBuildFile; fileRef = 67B510371A69E67D00BB46B7 /* SwiftyJSON.framework */; settings = {ATTRIBUTES = (CodeSignOnCopy, RemoveHeadersOnCopy, ); }; };
		67B5103C1A69E7EB00BB46B7 /* Nimble.framework in CopyFiles */ = {isa = PBXBuildFile; fileRef = 67B510281A6994AB00BB46B7 /* Nimble.framework */; settings = {ATTRIBUTES = (CodeSignOnCopy, RemoveHeadersOnCopy, ); }; };
		67B5103D1A69E7EB00BB46B7 /* Quick.framework in CopyFiles */ = {isa = PBXBuildFile; fileRef = 67B510291A6994AB00BB46B7 /* Quick.framework */; settings = {ATTRIBUTES = (CodeSignOnCopy, RemoveHeadersOnCopy, ); }; };
		67B5103E1A69E7EB00BB46B7 /* Alamofire.framework in CopyFiles */ = {isa = PBXBuildFile; fileRef = 67B510261A69949B00BB46B7 /* Alamofire.framework */; settings = {ATTRIBUTES = (CodeSignOnCopy, RemoveHeadersOnCopy, ); }; };
		67B510441A69E83A00BB46B7 /* SwiftyJSON.framework in CopyFiles */ = {isa = PBXBuildFile; fileRef = 67C9DE491A638E1900B73CCA /* SwiftyJSON.framework */; settings = {ATTRIBUTES = (CodeSignOnCopy, RemoveHeadersOnCopy, ); }; };
		67B510451A69E83A00BB46B7 /* Alamofire.framework in CopyFiles */ = {isa = PBXBuildFile; fileRef = 67C9DE481A638E1900B73CCA /* Alamofire.framework */; settings = {ATTRIBUTES = (CodeSignOnCopy, RemoveHeadersOnCopy, ); }; };
		67B510461A69E83A00BB46B7 /* Nimble.framework in CopyFiles */ = {isa = PBXBuildFile; fileRef = 67C9DE531A639C7800B73CCA /* Nimble.framework */; settings = {ATTRIBUTES = (CodeSignOnCopy, RemoveHeadersOnCopy, ); }; };
		67B510471A69E83A00BB46B7 /* Quick.framework in CopyFiles */ = {isa = PBXBuildFile; fileRef = 67C9DE541A639C7900B73CCA /* Quick.framework */; settings = {ATTRIBUTES = (CodeSignOnCopy, RemoveHeadersOnCopy, ); }; };
		67B510551A69EBA200BB46B7 /* Category.swift in Sources */ = {isa = PBXBuildFile; fileRef = 67B5104E1A69EBA200BB46B7 /* Category.swift */; };
		67B510561A69EBA200BB46B7 /* CloudAPIClient.swift in Sources */ = {isa = PBXBuildFile; fileRef = 67B5104F1A69EBA200BB46B7 /* CloudAPIClient.swift */; };
		67B510571A69EBA200BB46B7 /* Entry.swift in Sources */ = {isa = PBXBuildFile; fileRef = 67B510501A69EBA200BB46B7 /* Entry.swift */; };
		67B510581A69EBA200BB46B7 /* Feed.swift in Sources */ = {isa = PBXBuildFile; fileRef = 67B510511A69EBA200BB46B7 /* Feed.swift */; };
		67B510591A69EBA200BB46B7 /* Profile.swift in Sources */ = {isa = PBXBuildFile; fileRef = 67B510521A69EBA200BB46B7 /* Profile.swift */; };
		67B5105A1A69EBA200BB46B7 /* Stream.swift in Sources */ = {isa = PBXBuildFile; fileRef = 67B510531A69EBA200BB46B7 /* Stream.swift */; };
		67B5105B1A69EBA200BB46B7 /* Subscription.swift in Sources */ = {isa = PBXBuildFile; fileRef = 67B510541A69EBA200BB46B7 /* Subscription.swift */; };
		67B510671A69F13000BB46B7 /* Category.swift in Sources */ = {isa = PBXBuildFile; fileRef = 67B5104E1A69EBA200BB46B7 /* Category.swift */; };
		67B510681A69F13000BB46B7 /* CloudAPIClient.swift in Sources */ = {isa = PBXBuildFile; fileRef = 67B5104F1A69EBA200BB46B7 /* CloudAPIClient.swift */; };
		67B510691A69F13000BB46B7 /* Entry.swift in Sources */ = {isa = PBXBuildFile; fileRef = 67B510501A69EBA200BB46B7 /* Entry.swift */; };
		67B5106A1A69F13000BB46B7 /* Feed.swift in Sources */ = {isa = PBXBuildFile; fileRef = 67B510511A69EBA200BB46B7 /* Feed.swift */; };
		67B5106B1A69F13000BB46B7 /* Profile.swift in Sources */ = {isa = PBXBuildFile; fileRef = 67B510521A69EBA200BB46B7 /* Profile.swift */; };
		67B5106C1A69F13000BB46B7 /* Stream.swift in Sources */ = {isa = PBXBuildFile; fileRef = 67B510531A69EBA200BB46B7 /* Stream.swift */; };
		67B5106D1A69F13000BB46B7 /* Subscription.swift in Sources */ = {isa = PBXBuildFile; fileRef = 67B510541A69EBA200BB46B7 /* Subscription.swift */; };
		67C810031A8B218500E4B18C /* SearchAPI.swift in Sources */ = {isa = PBXBuildFile; fileRef = 67C810021A8B218500E4B18C /* SearchAPI.swift */; };
		67C810041A8B218500E4B18C /* SearchAPI.swift in Sources */ = {isa = PBXBuildFile; fileRef = 67C810021A8B218500E4B18C /* SearchAPI.swift */; };
		67D9656F1A6F288200580BE4 /* Marker.swift in Sources */ = {isa = PBXBuildFile; fileRef = 67213E9B1A6B51300074471B /* Marker.swift */; };
		67D965701A6F288800580BE4 /* Evernote.swift in Sources */ = {isa = PBXBuildFile; fileRef = 6796477A1A6B50F500D133E6 /* Evernote.swift */; };
		67D965711A6F288800580BE4 /* Microsoft.swift in Sources */ = {isa = PBXBuildFile; fileRef = 6796477C1A6B50F500D133E6 /* Microsoft.swift */; };
		67D965721A6F288800580BE4 /* Twitter.swift in Sources */ = {isa = PBXBuildFile; fileRef = 6796477E1A6B50F500D133E6 /* Twitter.swift */; };
		67F606A01A6AB978002DEAC1 /* ProfileSpec.swift in Sources */ = {isa = PBXBuildFile; fileRef = 67F6069B1A6AB868002DEAC1 /* ProfileSpec.swift */; };
		67F606A21A6AB9A3002DEAC1 /* ProfileSpec.swift in Sources */ = {isa = PBXBuildFile; fileRef = 67F6069B1A6AB868002DEAC1 /* ProfileSpec.swift */; };
		67F606A71A6ACDBA002DEAC1 /* SpecHelper.swift in Sources */ = {isa = PBXBuildFile; fileRef = 67F606A61A6ACDBA002DEAC1 /* SpecHelper.swift */; };
		67F606A81A6ACDBA002DEAC1 /* SpecHelper.swift in Sources */ = {isa = PBXBuildFile; fileRef = 67F606A61A6ACDBA002DEAC1 /* SpecHelper.swift */; };
		67F606A91A6ACEB9002DEAC1 /* SwiftyJSON.framework in Frameworks */ = {isa = PBXBuildFile; fileRef = 67B510371A69E67D00BB46B7 /* SwiftyJSON.framework */; };
		67F606AA1A6ACECF002DEAC1 /* Alamofire.framework in Frameworks */ = {isa = PBXBuildFile; fileRef = 67C9DE481A638E1900B73CCA /* Alamofire.framework */; };
		67F606AB1A6ACECF002DEAC1 /* SwiftyJSON.framework in Frameworks */ = {isa = PBXBuildFile; fileRef = 67C9DE491A638E1900B73CCA /* SwiftyJSON.framework */; };
		67F606AC1A6ACEE2002DEAC1 /* Alamofire.framework in Frameworks */ = {isa = PBXBuildFile; fileRef = 67B510261A69949B00BB46B7 /* Alamofire.framework */; };
		67F606BD1A6B49A6002DEAC1 /* Preferences.swift in Sources */ = {isa = PBXBuildFile; fileRef = 67F606BC1A6B49A6002DEAC1 /* Preferences.swift */; };
		67F606BE1A6B49A6002DEAC1 /* Preferences.swift in Sources */ = {isa = PBXBuildFile; fileRef = 67F606BC1A6B49A6002DEAC1 /* Preferences.swift */; };
		67F606C31A6B4B2F002DEAC1 /* Tag.swift in Sources */ = {isa = PBXBuildFile; fileRef = 67F606C21A6B4B2F002DEAC1 /* Tag.swift */; };
		67F606C41A6B4B2F002DEAC1 /* Tag.swift in Sources */ = {isa = PBXBuildFile; fileRef = 67F606C21A6B4B2F002DEAC1 /* Tag.swift */; };
/* End PBXBuildFile section */

/* Begin PBXContainerItemProxy section */
		67B510021A69929800BB46B7 /* PBXContainerItemProxy */ = {
			isa = PBXContainerItemProxy;
			containerPortal = 67C9DE191A637F5E00B73CCA /* Project object */;
			proxyType = 1;
			remoteGlobalIDString = 67B50FF51A69929800BB46B7;
			remoteInfo = "FeedlyKit-iOS";
		};
		67F71BA41A698B9800D8A6BC /* PBXContainerItemProxy */ = {
			isa = PBXContainerItemProxy;
			containerPortal = 67C9DE191A637F5E00B73CCA /* Project object */;
			proxyType = 1;
			remoteGlobalIDString = 67F71B971A698B9800D8A6BC;
			remoteInfo = "FeedlyKit-Mac";
		};
/* End PBXContainerItemProxy section */

/* Begin PBXCopyFilesBuildPhase section */
		67B5103A1A69E7D100BB46B7 /* CopyFiles */ = {
			isa = PBXCopyFilesBuildPhase;
			buildActionMask = 2147483647;
			dstPath = "";
			dstSubfolderSpec = 10;
			files = (
				67B5103B1A69E7EB00BB46B7 /* SwiftyJSON.framework in CopyFiles */,
				67B5103C1A69E7EB00BB46B7 /* Nimble.framework in CopyFiles */,
				67B5103D1A69E7EB00BB46B7 /* Quick.framework in CopyFiles */,
				67B5103E1A69E7EB00BB46B7 /* Alamofire.framework in CopyFiles */,
			);
			runOnlyForDeploymentPostprocessing = 0;
		};
		67B510431A69E83100BB46B7 /* CopyFiles */ = {
			isa = PBXCopyFilesBuildPhase;
			buildActionMask = 2147483647;
			dstPath = "";
			dstSubfolderSpec = 10;
			files = (
				67B510441A69E83A00BB46B7 /* SwiftyJSON.framework in CopyFiles */,
				67B510451A69E83A00BB46B7 /* Alamofire.framework in CopyFiles */,
				67B510461A69E83A00BB46B7 /* Nimble.framework in CopyFiles */,
				67B510471A69E83A00BB46B7 /* Quick.framework in CopyFiles */,
			);
			runOnlyForDeploymentPostprocessing = 0;
		};
/* End PBXCopyFilesBuildPhase section */

/* Begin PBXFileReference section */
		67213E9B1A6B51300074471B /* Marker.swift */ = {isa = PBXFileReference; fileEncoding = 4; lastKnownFileType = sourcecode.swift; name = Marker.swift; path = Source/Marker.swift; sourceTree = SOURCE_ROOT; };
		6729EB001C881C1F00A787B1 /* StringExtension.swift */ = {isa = PBXFileReference; fileEncoding = 4; lastKnownFileType = sourcecode.swift; name = StringExtension.swift; path = Source/StringExtension.swift; sourceTree = SOURCE_ROOT; };
		67363B511A716077009F8FBC /* MarkersAPI.swift */ = {isa = PBXFileReference; fileEncoding = 4; lastKnownFileType = sourcecode.swift; name = MarkersAPI.swift; path = Source/MarkersAPI.swift; sourceTree = SOURCE_ROOT; };
		67363B541A73669B009F8FBC /* FeedsAPI.swift */ = {isa = PBXFileReference; fileEncoding = 4; lastKnownFileType = sourcecode.swift; name = FeedsAPI.swift; path = Source/FeedsAPI.swift; sourceTree = SOURCE_ROOT; };
		67363B551A73669B009F8FBC /* TagsAPI.swift */ = {isa = PBXFileReference; fileEncoding = 4; lastKnownFileType = sourcecode.swift; name = TagsAPI.swift; path = Source/TagsAPI.swift; sourceTree = SOURCE_ROOT; };
		67363B5A1A7366AA009F8FBC /* Link.swift */ = {isa = PBXFileReference; fileEncoding = 4; lastKnownFileType = sourcecode.swift; name = Link.swift; path = Source/Link.swift; sourceTree = SOURCE_ROOT; };
		67363B5B1A7366AA009F8FBC /* Visual.swift */ = {isa = PBXFileReference; fileEncoding = 4; lastKnownFileType = sourcecode.swift; name = Visual.swift; path = Source/Visual.swift; sourceTree = SOURCE_ROOT; };
		67363B601A7366DB009F8FBC /* CloudAPISpec.swift */ = {isa = PBXFileReference; fileEncoding = 4; lastKnownFileType = sourcecode.swift; name = CloudAPISpec.swift; path = Spec/CloudAPISpec.swift; sourceTree = "<group>"; };
		67363B611A7366DB009F8FBC /* EntrySpec.swift */ = {isa = PBXFileReference; fileEncoding = 4; lastKnownFileType = sourcecode.swift; name = EntrySpec.swift; path = Spec/EntrySpec.swift; sourceTree = "<group>"; };
		674A5AFE1A6A3F1100F7B534 /* create_tag.json */ = {isa = PBXFileReference; fileEncoding = 4; lastKnownFileType = text.json; name = create_tag.json; path = Fixture/Response/create_tag.json; sourceTree = "<group>"; };
		674A5AFF1A6A3F1100F7B534 /* entries.json */ = {isa = PBXFileReference; fileEncoding = 4; lastKnownFileType = text.json; name = entries.json; path = Fixture/Response/entries.json; sourceTree = "<group>"; };
		674A5B001A6A3F1100F7B534 /* entry.json */ = {isa = PBXFileReference; fileEncoding = 4; lastKnownFileType = text.json; name = entry.json; path = Fixture/Response/entry.json; sourceTree = "<group>"; };
		674A5B011A6A3F1100F7B534 /* feed.json */ = {isa = PBXFileReference; fileEncoding = 4; lastKnownFileType = text.json; name = feed.json; path = Fixture/Response/feed.json; sourceTree = "<group>"; };
		674A5B021A6A3F1100F7B534 /* feeds.json */ = {isa = PBXFileReference; fileEncoding = 4; lastKnownFileType = text.json; name = feeds.json; path = Fixture/Response/feeds.json; sourceTree = "<group>"; };
		674A5B031A6A3F1100F7B534 /* keep_as_unread.json */ = {isa = PBXFileReference; fileEncoding = 4; lastKnownFileType = text.json; name = keep_as_unread.json; path = Fixture/Response/keep_as_unread.json; sourceTree = "<group>"; };
		674A5B041A6A3F1100F7B534 /* makers_counts.json */ = {isa = PBXFileReference; fileEncoding = 4; lastKnownFileType = text.json; name = makers_counts.json; path = Fixture/Response/makers_counts.json; sourceTree = "<group>"; };
		674A5B051A6A3F1100F7B534 /* mark_as_read.json */ = {isa = PBXFileReference; fileEncoding = 4; lastKnownFileType = text.json; name = mark_as_read.json; path = Fixture/Response/mark_as_read.json; sourceTree = "<group>"; };
		674A5B061A6A3F1100F7B534 /* mark_category_as_read.json */ = {isa = PBXFileReference; fileEncoding = 4; lastKnownFileType = text.json; name = mark_category_as_read.json; path = Fixture/Response/mark_category_as_read.json; sourceTree = "<group>"; };
		674A5B071A6A3F1100F7B534 /* mark_feed_as_read.json */ = {isa = PBXFileReference; fileEncoding = 4; lastKnownFileType = text.json; name = mark_feed_as_read.json; path = Fixture/Response/mark_feed_as_read.json; sourceTree = "<group>"; };
		674A5B081A6A3F1100F7B534 /* profile.json */ = {isa = PBXFileReference; fileEncoding = 4; lastKnownFileType = text.json; name = profile.json; path = Fixture/Response/profile.json; sourceTree = "<group>"; };
		674A5B091A6A3F1100F7B534 /* undo_mark_as_read.json */ = {isa = PBXFileReference; fileEncoding = 4; lastKnownFileType = text.json; name = undo_mark_as_read.json; path = Fixture/Response/undo_mark_as_read.json; sourceTree = "<group>"; };
		676491031A6BE2E400AD505D /* subscription.json */ = {isa = PBXFileReference; fileEncoding = 4; lastKnownFileType = text.json; name = subscription.json; path = Fixture/Response/subscription.json; sourceTree = "<group>"; };
		676491041A6BE2E400AD505D /* subscriptions.json */ = {isa = PBXFileReference; fileEncoding = 4; lastKnownFileType = text.json; name = subscriptions.json; path = Fixture/Response/subscriptions.json; sourceTree = "<group>"; };
		676491051A6BE2E400AD505D /* tags.json */ = {isa = PBXFileReference; fileEncoding = 4; lastKnownFileType = text.json; name = tags.json; path = Fixture/Response/tags.json; sourceTree = "<group>"; };
		676491061A6BE2E400AD505D /* topics.json */ = {isa = PBXFileReference; fileEncoding = 4; lastKnownFileType = text.json; name = topics.json; path = Fixture/Response/topics.json; sourceTree = "<group>"; };
		676491151A6BE52700AD505D /* SubscriptionSpec.swift */ = {isa = PBXFileReference; fileEncoding = 4; lastKnownFileType = sourcecode.swift; name = SubscriptionSpec.swift; path = Spec/SubscriptionSpec.swift; sourceTree = "<group>"; };
		678EAF321C908571006F7FDD /* StreamsAPISpec.swift */ = {isa = PBXFileReference; fileEncoding = 4; lastKnownFileType = sourcecode.swift; name = StreamsAPISpec.swift; path = Spec/StreamsAPISpec.swift; sourceTree = "<group>"; };
		678EAF351C9191D9006F7FDD /* API.swift */ = {isa = PBXFileReference; fileEncoding = 4; lastKnownFileType = sourcecode.swift; name = API.swift; path = Source/API.swift; sourceTree = SOURCE_ROOT; };
		678EAF381C91C044006F7FDD /* FeedsAPISpec.swift */ = {isa = PBXFileReference; fileEncoding = 4; lastKnownFileType = sourcecode.swift; name = FeedsAPISpec.swift; path = Spec/FeedsAPISpec.swift; sourceTree = "<group>"; };
		678EAF3B1C91C483006F7FDD /* EntriesAPISpec.swift */ = {isa = PBXFileReference; fileEncoding = 4; lastKnownFileType = sourcecode.swift; name = EntriesAPISpec.swift; path = Spec/EntriesAPISpec.swift; sourceTree = "<group>"; };
		678EAF3E1C91CFF0006F7FDD /* SubscriptionsAPISpec.swift */ = {isa = PBXFileReference; fileEncoding = 4; lastKnownFileType = sourcecode.swift; name = SubscriptionsAPISpec.swift; path = Spec/SubscriptionsAPISpec.swift; sourceTree = "<group>"; };
		678EAF411C930689006F7FDD /* ProfileAPISpec.swift */ = {isa = PBXFileReference; fileEncoding = 4; lastKnownFileType = sourcecode.swift; name = ProfileAPISpec.swift; path = Spec/ProfileAPISpec.swift; sourceTree = "<group>"; };
		678EAF441C9381EF006F7FDD /* CategoriesAPISPec.swift */ = {isa = PBXFileReference; fileEncoding = 4; lastKnownFileType = sourcecode.swift; name = CategoriesAPISPec.swift; path = Spec/CategoriesAPISPec.swift; sourceTree = "<group>"; };
		678EAF471C938D3C006F7FDD /* TagsAPISpec.swift */ = {isa = PBXFileReference; fileEncoding = 4; lastKnownFileType = sourcecode.swift; name = TagsAPISpec.swift; path = Spec/TagsAPISpec.swift; sourceTree = "<group>"; };
		678EAF4A1C940851006F7FDD /* MarkersAPISpec.swift */ = {isa = PBXFileReference; fileEncoding = 4; lastKnownFileType = sourcecode.swift; name = MarkersAPISpec.swift; path = Spec/MarkersAPISpec.swift; sourceTree = "<group>"; };
		6796477A1A6B50F500D133E6 /* Evernote.swift */ = {isa = PBXFileReference; fileEncoding = 4; lastKnownFileType = sourcecode.swift; name = Evernote.swift; path = Source/Evernote.swift; sourceTree = SOURCE_ROOT; };
		6796477C1A6B50F500D133E6 /* Microsoft.swift */ = {isa = PBXFileReference; fileEncoding = 4; lastKnownFileType = sourcecode.swift; name = Microsoft.swift; path = Source/Microsoft.swift; sourceTree = SOURCE_ROOT; };
		6796477E1A6B50F500D133E6 /* Twitter.swift */ = {isa = PBXFileReference; fileEncoding = 4; lastKnownFileType = sourcecode.swift; name = Twitter.swift; path = Source/Twitter.swift; sourceTree = SOURCE_ROOT; };
		679CC1271A6BA91F003846D8 /* Info.plist */ = {isa = PBXFileReference; fileEncoding = 4; lastKnownFileType = text.plist.xml; path = Info.plist; sourceTree = "<group>"; };
		679CC12A1A6BCF7B003846D8 /* Origin.swift */ = {isa = PBXFileReference; fileEncoding = 4; lastKnownFileType = sourcecode.swift; name = Origin.swift; path = Source/Origin.swift; sourceTree = SOURCE_ROOT; };
		679CC12D1A6BD2D6003846D8 /* Content.swift */ = {isa = PBXFileReference; fileEncoding = 4; lastKnownFileType = sourcecode.swift; name = Content.swift; path = Source/Content.swift; sourceTree = SOURCE_ROOT; };
		679CC1331A6BD9BB003846D8 /* FeedSpec.swift */ = {isa = PBXFileReference; fileEncoding = 4; lastKnownFileType = sourcecode.swift; name = FeedSpec.swift; path = Spec/FeedSpec.swift; sourceTree = "<group>"; };
		67B370361A6E10B100B31D57 /* StreamsAPI.swift */ = {isa = PBXFileReference; fileEncoding = 4; lastKnownFileType = sourcecode.swift; name = StreamsAPI.swift; path = Source/StreamsAPI.swift; sourceTree = SOURCE_ROOT; };
		67B370391A6E10C100B31D57 /* SubscriptionsAPI.swift */ = {isa = PBXFileReference; fileEncoding = 4; lastKnownFileType = sourcecode.swift; name = SubscriptionsAPI.swift; path = Source/SubscriptionsAPI.swift; sourceTree = SOURCE_ROOT; };
		67B3703C1A6EA37800B31D57 /* CategoriesAPI.swift */ = {isa = PBXFileReference; fileEncoding = 4; lastKnownFileType = sourcecode.swift; name = CategoriesAPI.swift; path = Source/CategoriesAPI.swift; sourceTree = SOURCE_ROOT; };
		67B3703F1A6EA38C00B31D57 /* EntriesAPI.swift */ = {isa = PBXFileReference; fileEncoding = 4; lastKnownFileType = sourcecode.swift; name = EntriesAPI.swift; path = Source/EntriesAPI.swift; sourceTree = SOURCE_ROOT; };
		67B370421A6EA3A500B31D57 /* ProfileAPI.swift */ = {isa = PBXFileReference; fileEncoding = 4; lastKnownFileType = sourcecode.swift; name = ProfileAPI.swift; path = Source/ProfileAPI.swift; sourceTree = SOURCE_ROOT; };
		67B50FF61A69929800BB46B7 /* FeedlyKit.framework */ = {isa = PBXFileReference; explicitFileType = wrapper.framework; includeInIndex = 0; path = FeedlyKit.framework; sourceTree = BUILT_PRODUCTS_DIR; };
		67B510001A69929800BB46B7 /* FeedlyKit-iOSTests.xctest */ = {isa = PBXFileReference; explicitFileType = wrapper.cfbundle; includeInIndex = 0; path = "FeedlyKit-iOSTests.xctest"; sourceTree = BUILT_PRODUCTS_DIR; };
		67B510261A69949B00BB46B7 /* Alamofire.framework */ = {isa = PBXFileReference; lastKnownFileType = wrapper.framework; name = Alamofire.framework; path = Carthage/Build/Mac/Alamofire.framework; sourceTree = "<group>"; };
		67B510281A6994AB00BB46B7 /* Nimble.framework */ = {isa = PBXFileReference; lastKnownFileType = wrapper.framework; name = Nimble.framework; path = Carthage/Build/Mac/Nimble.framework; sourceTree = "<group>"; };
		67B510291A6994AB00BB46B7 /* Quick.framework */ = {isa = PBXFileReference; lastKnownFileType = wrapper.framework; name = Quick.framework; path = Carthage/Build/Mac/Quick.framework; sourceTree = "<group>"; };
		67B510371A69E67D00BB46B7 /* SwiftyJSON.framework */ = {isa = PBXFileReference; lastKnownFileType = wrapper.framework; name = SwiftyJSON.framework; path = Carthage/Build/Mac/SwiftyJSON.framework; sourceTree = "<group>"; };
		67B5104E1A69EBA200BB46B7 /* Category.swift */ = {isa = PBXFileReference; fileEncoding = 4; lastKnownFileType = sourcecode.swift; name = Category.swift; path = Source/Category.swift; sourceTree = SOURCE_ROOT; };
		67B5104F1A69EBA200BB46B7 /* CloudAPIClient.swift */ = {isa = PBXFileReference; fileEncoding = 4; lastKnownFileType = sourcecode.swift; name = CloudAPIClient.swift; path = Source/CloudAPIClient.swift; sourceTree = SOURCE_ROOT; };
		67B510501A69EBA200BB46B7 /* Entry.swift */ = {isa = PBXFileReference; fileEncoding = 4; lastKnownFileType = sourcecode.swift; name = Entry.swift; path = Source/Entry.swift; sourceTree = SOURCE_ROOT; };
		67B510511A69EBA200BB46B7 /* Feed.swift */ = {isa = PBXFileReference; fileEncoding = 4; lastKnownFileType = sourcecode.swift; name = Feed.swift; path = Source/Feed.swift; sourceTree = SOURCE_ROOT; };
		67B510521A69EBA200BB46B7 /* Profile.swift */ = {isa = PBXFileReference; fileEncoding = 4; lastKnownFileType = sourcecode.swift; name = Profile.swift; path = Source/Profile.swift; sourceTree = SOURCE_ROOT; };
		67B510531A69EBA200BB46B7 /* Stream.swift */ = {isa = PBXFileReference; fileEncoding = 4; lastKnownFileType = sourcecode.swift; name = Stream.swift; path = Source/Stream.swift; sourceTree = SOURCE_ROOT; };
		67B510541A69EBA200BB46B7 /* Subscription.swift */ = {isa = PBXFileReference; fileEncoding = 4; lastKnownFileType = sourcecode.swift; name = Subscription.swift; path = Source/Subscription.swift; sourceTree = SOURCE_ROOT; };
		67C810021A8B218500E4B18C /* SearchAPI.swift */ = {isa = PBXFileReference; fileEncoding = 4; lastKnownFileType = sourcecode.swift; name = SearchAPI.swift; path = Source/SearchAPI.swift; sourceTree = SOURCE_ROOT; };
		67C9DE481A638E1900B73CCA /* Alamofire.framework */ = {isa = PBXFileReference; lastKnownFileType = wrapper.framework; name = Alamofire.framework; path = Carthage/Build/iOS/Alamofire.framework; sourceTree = "<group>"; };
		67C9DE491A638E1900B73CCA /* SwiftyJSON.framework */ = {isa = PBXFileReference; lastKnownFileType = wrapper.framework; name = SwiftyJSON.framework; path = Carthage/Build/iOS/SwiftyJSON.framework; sourceTree = "<group>"; };
		67C9DE531A639C7800B73CCA /* Nimble.framework */ = {isa = PBXFileReference; lastKnownFileType = wrapper.framework; name = Nimble.framework; path = Carthage/Build/iOS/Nimble.framework; sourceTree = "<group>"; };
		67C9DE541A639C7900B73CCA /* Quick.framework */ = {isa = PBXFileReference; lastKnownFileType = wrapper.framework; name = Quick.framework; path = Carthage/Build/iOS/Quick.framework; sourceTree = "<group>"; };
		67F6069B1A6AB868002DEAC1 /* ProfileSpec.swift */ = {isa = PBXFileReference; fileEncoding = 4; lastKnownFileType = sourcecode.swift; name = ProfileSpec.swift; path = Spec/ProfileSpec.swift; sourceTree = "<group>"; };
		67F606A61A6ACDBA002DEAC1 /* SpecHelper.swift */ = {isa = PBXFileReference; fileEncoding = 4; lastKnownFileType = sourcecode.swift; name = SpecHelper.swift; path = Spec/SpecHelper.swift; sourceTree = "<group>"; };
		67F606BC1A6B49A6002DEAC1 /* Preferences.swift */ = {isa = PBXFileReference; fileEncoding = 4; lastKnownFileType = sourcecode.swift; name = Preferences.swift; path = Source/Preferences.swift; sourceTree = SOURCE_ROOT; };
		67F606BF1A6B4A00002DEAC1 /* preferences.json */ = {isa = PBXFileReference; fileEncoding = 4; lastKnownFileType = text.json; name = preferences.json; path = Fixture/Response/preferences.json; sourceTree = "<group>"; };
		67F606C21A6B4B2F002DEAC1 /* Tag.swift */ = {isa = PBXFileReference; fileEncoding = 4; lastKnownFileType = sourcecode.swift; name = Tag.swift; path = Source/Tag.swift; sourceTree = SOURCE_ROOT; };
		67F71B981A698B9800D8A6BC /* FeedlyKit.framework */ = {isa = PBXFileReference; explicitFileType = wrapper.framework; includeInIndex = 0; path = FeedlyKit.framework; sourceTree = BUILT_PRODUCTS_DIR; };
		67F71BA21A698B9800D8A6BC /* FeedlyKit-MacTests.xctest */ = {isa = PBXFileReference; explicitFileType = wrapper.cfbundle; includeInIndex = 0; path = "FeedlyKit-MacTests.xctest"; sourceTree = BUILT_PRODUCTS_DIR; };
/* End PBXFileReference section */

/* Begin PBXFrameworksBuildPhase section */
		67B50FF21A69929800BB46B7 /* Frameworks */ = {
			isa = PBXFrameworksBuildPhase;
			buildActionMask = 2147483647;
			files = (
				67B510111A6992C700BB46B7 /* Alamofire.framework in Frameworks */,
				67B510121A6992C700BB46B7 /* SwiftyJSON.framework in Frameworks */,
			);
			runOnlyForDeploymentPostprocessing = 0;
		};
		67B50FFD1A69929800BB46B7 /* Frameworks */ = {
			isa = PBXFrameworksBuildPhase;
			buildActionMask = 2147483647;
			files = (
				67F606AA1A6ACECF002DEAC1 /* Alamofire.framework in Frameworks */,
				67F606AB1A6ACECF002DEAC1 /* SwiftyJSON.framework in Frameworks */,
				67B510241A69943D00BB46B7 /* Nimble.framework in Frameworks */,
				67B510251A69943D00BB46B7 /* Quick.framework in Frameworks */,
			);
			runOnlyForDeploymentPostprocessing = 0;
		};
		67F71B941A698B9800D8A6BC /* Frameworks */ = {
			isa = PBXFrameworksBuildPhase;
			buildActionMask = 2147483647;
			files = (
				67B510381A69E67D00BB46B7 /* SwiftyJSON.framework in Frameworks */,
				67B510311A69963600BB46B7 /* Alamofire.framework in Frameworks */,
			);
			runOnlyForDeploymentPostprocessing = 0;
		};
		67F71B9F1A698B9800D8A6BC /* Frameworks */ = {
			isa = PBXFrameworksBuildPhase;
			buildActionMask = 2147483647;
			files = (
				67F606AC1A6ACEE2002DEAC1 /* Alamofire.framework in Frameworks */,
				67F606A91A6ACEB9002DEAC1 /* SwiftyJSON.framework in Frameworks */,
				67B5102A1A6994AB00BB46B7 /* Nimble.framework in Frameworks */,
				67B5102B1A6994AB00BB46B7 /* Quick.framework in Frameworks */,
			);
			runOnlyForDeploymentPostprocessing = 0;
		};
/* End PBXFrameworksBuildPhase section */

/* Begin PBXGroup section */
		6729EAFF1C881BD600A787B1 /* Util */ = {
			isa = PBXGroup;
			children = (
				6729EB001C881C1F00A787B1 /* StringExtension.swift */,
			);
			name = Util;
			sourceTree = "<group>";
		};
		676491181A6C9C4700AD505D /* Model */ = {
			isa = PBXGroup;
			children = (
				67B5104E1A69EBA200BB46B7 /* Category.swift */,
				67B510501A69EBA200BB46B7 /* Entry.swift */,
				67B510511A69EBA200BB46B7 /* Feed.swift */,
				67B510521A69EBA200BB46B7 /* Profile.swift */,
				67B510531A69EBA200BB46B7 /* Stream.swift */,
				67B510541A69EBA200BB46B7 /* Subscription.swift */,
				67F606BC1A6B49A6002DEAC1 /* Preferences.swift */,
				67F606C21A6B4B2F002DEAC1 /* Tag.swift */,
				67213E9B1A6B51300074471B /* Marker.swift */,
				676491191A6C9C4D00AD505D /* Sub */,
			);
			name = Model;
			sourceTree = "<group>";
		};
		676491191A6C9C4D00AD505D /* Sub */ = {
			isa = PBXGroup;
			children = (
				67363B5A1A7366AA009F8FBC /* Link.swift */,
				67363B5B1A7366AA009F8FBC /* Visual.swift */,
				679CC12D1A6BD2D6003846D8 /* Content.swift */,
				679CC12A1A6BCF7B003846D8 /* Origin.swift */,
			);
			name = Sub;
			sourceTree = "<group>";
		};
		678EAF2D1C908507006F7FDD /* Model */ = {
			isa = PBXGroup;
			children = (
				67363B611A7366DB009F8FBC /* EntrySpec.swift */,
				67F606A61A6ACDBA002DEAC1 /* SpecHelper.swift */,
				67F6069B1A6AB868002DEAC1 /* ProfileSpec.swift */,
				679CC1331A6BD9BB003846D8 /* FeedSpec.swift */,
				676491151A6BE52700AD505D /* SubscriptionSpec.swift */,
			);
			name = Model;
			sourceTree = "<group>";
		};
		678EAF2E1C908516006F7FDD /* API */ = {
			isa = PBXGroup;
			children = (
				67363B601A7366DB009F8FBC /* CloudAPISpec.swift */,
				678EAF441C9381EF006F7FDD /* CategoriesAPISPec.swift */,
				678EAF3B1C91C483006F7FDD /* EntriesAPISpec.swift */,
				678EAF381C91C044006F7FDD /* FeedsAPISpec.swift */,
				678EAF4A1C940851006F7FDD /* MarkersAPISpec.swift */,
				678EAF411C930689006F7FDD /* ProfileAPISpec.swift */,
				678EAF441C9381EF006F7FDD /* CategoriesAPISPec.swift */,
				678EAF321C908571006F7FDD /* StreamsAPISpec.swift */,
				678EAF3E1C91CFF0006F7FDD /* SubscriptionsAPISpec.swift */,
				678EAF471C938D3C006F7FDD /* TagsAPISpec.swift */,
			);
			name = API;
			sourceTree = "<group>";
		};
		67B370321A6E000900B31D57 /* API */ = {
			isa = PBXGroup;
			children = (
				67B5104F1A69EBA200BB46B7 /* CloudAPIClient.swift */,
				67B3703C1A6EA37800B31D57 /* CategoriesAPI.swift */,
				67B3703F1A6EA38C00B31D57 /* EntriesAPI.swift */,
				67363B541A73669B009F8FBC /* FeedsAPI.swift */,
				67363B511A716077009F8FBC /* MarkersAPI.swift */,
				67B370421A6EA3A500B31D57 /* ProfileAPI.swift */,
				67363B551A73669B009F8FBC /* TagsAPI.swift */,
				67C810021A8B218500E4B18C /* SearchAPI.swift */,
				67B370361A6E10B100B31D57 /* StreamsAPI.swift */,
				67B370391A6E10C100B31D57 /* SubscriptionsAPI.swift */,
				678EAF351C9191D9006F7FDD /* API.swift */,
			);
			name = API;
			sourceTree = "<group>";
		};
		67B5102C1A6994C600BB46B7 /* iOS */ = {
			isa = PBXGroup;
			children = (
				67C9DE491A638E1900B73CCA /* SwiftyJSON.framework */,
				67C9DE481A638E1900B73CCA /* Alamofire.framework */,
				67C9DE531A639C7800B73CCA /* Nimble.framework */,
				67C9DE541A639C7900B73CCA /* Quick.framework */,
			);
			name = iOS;
			sourceTree = "<group>";
		};
		67B5102D1A6994CF00BB46B7 /* Mac */ = {
			isa = PBXGroup;
			children = (
				67B510371A69E67D00BB46B7 /* SwiftyJSON.framework */,
				67B510281A6994AB00BB46B7 /* Nimble.framework */,
				67B510291A6994AB00BB46B7 /* Quick.framework */,
				67B510261A69949B00BB46B7 /* Alamofire.framework */,
			);
			name = Mac;
			sourceTree = "<group>";
		};
		67B5102F1A6995C400BB46B7 /* Spec */ = {
			isa = PBXGroup;
			children = (
				678EAF2D1C908507006F7FDD /* Model */,
				678EAF2E1C908516006F7FDD /* API */,
			);
			name = Spec;
			sourceTree = "<group>";
		};
		67B510361A69DEDC00BB46B7 /* Fixture */ = {
			isa = PBXGroup;
			children = (
				67B5105D1A69EE2500BB46B7 /* Response */,
				67B5105C1A69EE1B00BB46B7 /* Request */,
			);
			name = Fixture;
			sourceTree = "<group>";
		};
		67B5105C1A69EE1B00BB46B7 /* Request */ = {
			isa = PBXGroup;
			children = (
			);
			name = Request;
			sourceTree = "<group>";
		};
		67B5105D1A69EE2500BB46B7 /* Response */ = {
			isa = PBXGroup;
			children = (
				676491031A6BE2E400AD505D /* subscription.json */,
				676491041A6BE2E400AD505D /* subscriptions.json */,
				676491051A6BE2E400AD505D /* tags.json */,
				676491061A6BE2E400AD505D /* topics.json */,
				67F606BF1A6B4A00002DEAC1 /* preferences.json */,
				674A5AFE1A6A3F1100F7B534 /* create_tag.json */,
				674A5AFF1A6A3F1100F7B534 /* entries.json */,
				674A5B001A6A3F1100F7B534 /* entry.json */,
				674A5B011A6A3F1100F7B534 /* feed.json */,
				674A5B021A6A3F1100F7B534 /* feeds.json */,
				674A5B031A6A3F1100F7B534 /* keep_as_unread.json */,
				674A5B041A6A3F1100F7B534 /* makers_counts.json */,
				674A5B051A6A3F1100F7B534 /* mark_as_read.json */,
				674A5B061A6A3F1100F7B534 /* mark_category_as_read.json */,
				674A5B071A6A3F1100F7B534 /* mark_feed_as_read.json */,
				674A5B081A6A3F1100F7B534 /* profile.json */,
				674A5B091A6A3F1100F7B534 /* undo_mark_as_read.json */,
			);
			name = Response;
			sourceTree = "<group>";
		};
		67C9DE181A637F5E00B73CCA = {
			isa = PBXGroup;
			children = (
				679CC1271A6BA91F003846D8 /* Info.plist */,
				67F71BB11A698DD800D8A6BC /* Source */,
				67B5102F1A6995C400BB46B7 /* Spec */,
				67B510361A69DEDC00BB46B7 /* Fixture */,
				67C9DE4C1A638E3C00B73CCA /* Frameworks */,
				67C9DE231A637F5E00B73CCA /* Products */,
			);
			sourceTree = "<group>";
		};
		67C9DE231A637F5E00B73CCA /* Products */ = {
			isa = PBXGroup;
			children = (
				67F71B981A698B9800D8A6BC /* FeedlyKit.framework */,
				67F71BA21A698B9800D8A6BC /* FeedlyKit-MacTests.xctest */,
				67B50FF61A69929800BB46B7 /* FeedlyKit.framework */,
				67B510001A69929800BB46B7 /* FeedlyKit-iOSTests.xctest */,
			);
			name = Products;
			sourceTree = "<group>";
		};
		67C9DE4C1A638E3C00B73CCA /* Frameworks */ = {
			isa = PBXGroup;
			children = (
				67B5102D1A6994CF00BB46B7 /* Mac */,
				67B5102C1A6994C600BB46B7 /* iOS */,
			);
			name = Frameworks;
			sourceTree = "<group>";
		};
		67F606D41A6B4DB4002DEAC1 /* OuthAccount */ = {
			isa = PBXGroup;
			children = (
				6796477A1A6B50F500D133E6 /* Evernote.swift */,
				6796477C1A6B50F500D133E6 /* Microsoft.swift */,
				6796477E1A6B50F500D133E6 /* Twitter.swift */,
			);
			name = OuthAccount;
			sourceTree = "<group>";
		};
		67F71BB11A698DD800D8A6BC /* Source */ = {
			isa = PBXGroup;
			children = (
				6729EAFF1C881BD600A787B1 /* Util */,
				67B370321A6E000900B31D57 /* API */,
				676491181A6C9C4700AD505D /* Model */,
				67F606D41A6B4DB4002DEAC1 /* OuthAccount */,
			);
			name = Source;
			path = FeedlyKit;
			sourceTree = "<group>";
		};
/* End PBXGroup section */

/* Begin PBXHeadersBuildPhase section */
		67B50FF31A69929800BB46B7 /* Headers */ = {
			isa = PBXHeadersBuildPhase;
			buildActionMask = 2147483647;
			files = (
			);
			runOnlyForDeploymentPostprocessing = 0;
		};
		67F71B951A698B9800D8A6BC /* Headers */ = {
			isa = PBXHeadersBuildPhase;
			buildActionMask = 2147483647;
			files = (
			);
			runOnlyForDeploymentPostprocessing = 0;
		};
/* End PBXHeadersBuildPhase section */

/* Begin PBXNativeTarget section */
		67B50FF51A69929800BB46B7 /* FeedlyKit-iOS */ = {
			isa = PBXNativeTarget;
			buildConfigurationList = 67B510091A69929800BB46B7 /* Build configuration list for PBXNativeTarget "FeedlyKit-iOS" */;
			buildPhases = (
				67B50FF11A69929800BB46B7 /* Sources */,
				67B50FF21A69929800BB46B7 /* Frameworks */,
				67B50FF31A69929800BB46B7 /* Headers */,
				67B50FF41A69929800BB46B7 /* Resources */,
			);
			buildRules = (
			);
			dependencies = (
			);
			name = "FeedlyKit-iOS";
			productName = "FeedlyKit-iOS";
			productReference = 67B50FF61A69929800BB46B7 /* FeedlyKit.framework */;
			productType = "com.apple.product-type.framework";
		};
		67B50FFF1A69929800BB46B7 /* FeedlyKit-iOSTests */ = {
			isa = PBXNativeTarget;
			buildConfigurationList = 67B5100C1A69929800BB46B7 /* Build configuration list for PBXNativeTarget "FeedlyKit-iOSTests" */;
			buildPhases = (
				67B50FFC1A69929800BB46B7 /* Sources */,
				67B50FFD1A69929800BB46B7 /* Frameworks */,
				67B50FFE1A69929800BB46B7 /* Resources */,
				67B510431A69E83100BB46B7 /* CopyFiles */,
			);
			buildRules = (
			);
			dependencies = (
				67B510031A69929800BB46B7 /* PBXTargetDependency */,
			);
			name = "FeedlyKit-iOSTests";
			productName = "FeedlyKit-iOSTests";
			productReference = 67B510001A69929800BB46B7 /* FeedlyKit-iOSTests.xctest */;
			productType = "com.apple.product-type.bundle.unit-test";
		};
		67F71B971A698B9800D8A6BC /* FeedlyKit-Mac */ = {
			isa = PBXNativeTarget;
			buildConfigurationList = 67F71BAB1A698B9800D8A6BC /* Build configuration list for PBXNativeTarget "FeedlyKit-Mac" */;
			buildPhases = (
				67F71B931A698B9800D8A6BC /* Sources */,
				67F71B941A698B9800D8A6BC /* Frameworks */,
				67F71B951A698B9800D8A6BC /* Headers */,
				67F71B961A698B9800D8A6BC /* Resources */,
			);
			buildRules = (
			);
			dependencies = (
			);
			name = "FeedlyKit-Mac";
			productName = "FeedlyKit-Mac";
			productReference = 67F71B981A698B9800D8A6BC /* FeedlyKit.framework */;
			productType = "com.apple.product-type.framework";
		};
		67F71BA11A698B9800D8A6BC /* FeedlyKit-MacTests */ = {
			isa = PBXNativeTarget;
			buildConfigurationList = 67F71BAE1A698B9800D8A6BC /* Build configuration list for PBXNativeTarget "FeedlyKit-MacTests" */;
			buildPhases = (
				67F71B9E1A698B9800D8A6BC /* Sources */,
				67F71B9F1A698B9800D8A6BC /* Frameworks */,
				67F71BA01A698B9800D8A6BC /* Resources */,
				67B5103A1A69E7D100BB46B7 /* CopyFiles */,
			);
			buildRules = (
			);
			dependencies = (
				67F71BA51A698B9800D8A6BC /* PBXTargetDependency */,
			);
			name = "FeedlyKit-MacTests";
			productName = "FeedlyKit-MacTests";
			productReference = 67F71BA21A698B9800D8A6BC /* FeedlyKit-MacTests.xctest */;
			productType = "com.apple.product-type.bundle.unit-test";
		};
/* End PBXNativeTarget section */

/* Begin PBXProject section */
		67C9DE191A637F5E00B73CCA /* Project object */ = {
			isa = PBXProject;
			attributes = {
				LastSwiftMigration = 0700;
				LastSwiftUpdateCheck = 0700;
				LastUpgradeCheck = 0700;
				ORGANIZATIONNAME = "Hiroki Kumamoto";
				TargetAttributes = {
					67B50FF51A69929800BB46B7 = {
						CreatedOnToolsVersion = 6.1.1;
					};
					67B50FFF1A69929800BB46B7 = {
						CreatedOnToolsVersion = 6.1.1;
					};
					67F71B971A698B9800D8A6BC = {
						CreatedOnToolsVersion = 6.1.1;
					};
					67F71BA11A698B9800D8A6BC = {
						CreatedOnToolsVersion = 6.1.1;
					};
				};
			};
			buildConfigurationList = 67C9DE1C1A637F5E00B73CCA /* Build configuration list for PBXProject "FeedlyKit" */;
			compatibilityVersion = "Xcode 3.2";
			developmentRegion = English;
			hasScannedForEncodings = 0;
			knownRegions = (
				en,
			);
			mainGroup = 67C9DE181A637F5E00B73CCA;
			productRefGroup = 67C9DE231A637F5E00B73CCA /* Products */;
			projectDirPath = "";
			projectRoot = "";
			targets = (
				67F71B971A698B9800D8A6BC /* FeedlyKit-Mac */,
				67F71BA11A698B9800D8A6BC /* FeedlyKit-MacTests */,
				67B50FF51A69929800BB46B7 /* FeedlyKit-iOS */,
				67B50FFF1A69929800BB46B7 /* FeedlyKit-iOSTests */,
			);
		};
/* End PBXProject section */

/* Begin PBXResourcesBuildPhase section */
		67B50FF41A69929800BB46B7 /* Resources */ = {
			isa = PBXResourcesBuildPhase;
			buildActionMask = 2147483647;
			files = (
			);
			runOnlyForDeploymentPostprocessing = 0;
		};
		67B50FFE1A69929800BB46B7 /* Resources */ = {
			isa = PBXResourcesBuildPhase;
			buildActionMask = 2147483647;
			files = (
				676491101A6BE31400AD505D /* subscription.json in Resources */,
				676491111A6BE31400AD505D /* subscriptions.json in Resources */,
				676491121A6BE31400AD505D /* tags.json in Resources */,
				676491131A6BE31400AD505D /* topics.json in Resources */,
				676491141A6BE31400AD505D /* preferences.json in Resources */,
				674A5B221A6A3F4B00F7B534 /* create_tag.json in Resources */,
				674A5B231A6A3F4B00F7B534 /* entries.json in Resources */,
				674A5B241A6A3F4B00F7B534 /* entry.json in Resources */,
				674A5B251A6A3F4B00F7B534 /* feed.json in Resources */,
				674A5B261A6A3F4B00F7B534 /* feeds.json in Resources */,
				674A5B271A6A3F4B00F7B534 /* keep_as_unread.json in Resources */,
				674A5B281A6A3F4B00F7B534 /* makers_counts.json in Resources */,
				674A5B291A6A3F4B00F7B534 /* mark_as_read.json in Resources */,
				674A5B2A1A6A3F4B00F7B534 /* mark_category_as_read.json in Resources */,
				674A5B2B1A6A3F4B00F7B534 /* mark_feed_as_read.json in Resources */,
				674A5B2C1A6A3F4B00F7B534 /* profile.json in Resources */,
				674A5B2D1A6A3F4B00F7B534 /* undo_mark_as_read.json in Resources */,
			);
			runOnlyForDeploymentPostprocessing = 0;
		};
		67F71B961A698B9800D8A6BC /* Resources */ = {
			isa = PBXResourcesBuildPhase;
			buildActionMask = 2147483647;
			files = (
			);
			runOnlyForDeploymentPostprocessing = 0;
		};
		67F71BA01A698B9800D8A6BC /* Resources */ = {
			isa = PBXResourcesBuildPhase;
			buildActionMask = 2147483647;
			files = (
				6764910B1A6BE30400AD505D /* subscription.json in Resources */,
				6764910C1A6BE30400AD505D /* subscriptions.json in Resources */,
				6764910D1A6BE30400AD505D /* tags.json in Resources */,
				6764910E1A6BE30400AD505D /* topics.json in Resources */,
				6764910F1A6BE30400AD505D /* preferences.json in Resources */,
				674A5B161A6A3F3B00F7B534 /* create_tag.json in Resources */,
				674A5B171A6A3F3B00F7B534 /* entries.json in Resources */,
				674A5B181A6A3F3B00F7B534 /* entry.json in Resources */,
				674A5B191A6A3F3B00F7B534 /* feed.json in Resources */,
				674A5B1A1A6A3F3B00F7B534 /* feeds.json in Resources */,
				674A5B1B1A6A3F3B00F7B534 /* keep_as_unread.json in Resources */,
				674A5B1C1A6A3F3B00F7B534 /* makers_counts.json in Resources */,
				674A5B1D1A6A3F3B00F7B534 /* mark_as_read.json in Resources */,
				674A5B1E1A6A3F3B00F7B534 /* mark_category_as_read.json in Resources */,
				674A5B1F1A6A3F3B00F7B534 /* mark_feed_as_read.json in Resources */,
				674A5B201A6A3F3B00F7B534 /* profile.json in Resources */,
				674A5B211A6A3F3B00F7B534 /* undo_mark_as_read.json in Resources */,
			);
			runOnlyForDeploymentPostprocessing = 0;
		};
/* End PBXResourcesBuildPhase section */

/* Begin PBXSourcesBuildPhase section */
		67B50FF11A69929800BB46B7 /* Sources */ = {
			isa = PBXSourcesBuildPhase;
			buildActionMask = 2147483647;
			files = (
				67D965701A6F288800580BE4 /* Evernote.swift in Sources */,
				67D965711A6F288800580BE4 /* Microsoft.swift in Sources */,
				67D965721A6F288800580BE4 /* Twitter.swift in Sources */,
				67D9656F1A6F288200580BE4 /* Marker.swift in Sources */,
				67363B5D1A7366AA009F8FBC /* Link.swift in Sources */,
				67B370411A6EA38C00B31D57 /* EntriesAPI.swift in Sources */,
				67B370441A6EA3A500B31D57 /* ProfileAPI.swift in Sources */,
				67B510671A69F13000BB46B7 /* Category.swift in Sources */,
				67C810041A8B218500E4B18C /* SearchAPI.swift in Sources */,
				67B510681A69F13000BB46B7 /* CloudAPIClient.swift in Sources */,
				67B370381A6E10B100B31D57 /* StreamsAPI.swift in Sources */,
				6729EB021C881C1F00A787B1 /* StringExtension.swift in Sources */,
				67363B571A73669C009F8FBC /* FeedsAPI.swift in Sources */,
				67F606C41A6B4B2F002DEAC1 /* Tag.swift in Sources */,
				67363B5F1A7366AA009F8FBC /* Visual.swift in Sources */,
				67B3703E1A6EA37800B31D57 /* CategoriesAPI.swift in Sources */,
				67B510691A69F13000BB46B7 /* Entry.swift in Sources */,
				67B3703B1A6E10C100B31D57 /* SubscriptionsAPI.swift in Sources */,
				67363B531A716077009F8FBC /* MarkersAPI.swift in Sources */,
				67B5106A1A69F13000BB46B7 /* Feed.swift in Sources */,
				67B5106B1A69F13000BB46B7 /* Profile.swift in Sources */,
				679CC12F1A6BD2D6003846D8 /* Content.swift in Sources */,
				67B5106C1A69F13000BB46B7 /* Stream.swift in Sources */,
				67363B591A73669C009F8FBC /* TagsAPI.swift in Sources */,
				67B5106D1A69F13000BB46B7 /* Subscription.swift in Sources */,
				67F606BE1A6B49A6002DEAC1 /* Preferences.swift in Sources */,
				678EAF371C91C024006F7FDD /* API.swift in Sources */,
				679CC12C1A6BCF7B003846D8 /* Origin.swift in Sources */,
			);
			runOnlyForDeploymentPostprocessing = 0;
		};
		67B50FFC1A69929800BB46B7 /* Sources */ = {
			isa = PBXSourcesBuildPhase;
			buildActionMask = 2147483647;
			files = (
				67363B631A7366DB009F8FBC /* CloudAPISpec.swift in Sources */,
				678EAF4C1C940851006F7FDD /* MarkersAPISpec.swift in Sources */,
				678EAF3A1C91C044006F7FDD /* FeedsAPISpec.swift in Sources */,
				678EAF401C91CFF0006F7FDD /* SubscriptionsAPISpec.swift in Sources */,
				67F606A21A6AB9A3002DEAC1 /* ProfileSpec.swift in Sources */,
				678EAF431C930689006F7FDD /* ProfileAPISpec.swift in Sources */,
				678EAF461C9381EF006F7FDD /* CategoriesAPISPec.swift in Sources */,
				678EAF3D1C91C483006F7FDD /* EntriesAPISpec.swift in Sources */,
				676491171A6BE52700AD505D /* SubscriptionSpec.swift in Sources */,
				678EAF341C908571006F7FDD /* StreamsAPISpec.swift in Sources */,
				67363B651A7366DB009F8FBC /* EntrySpec.swift in Sources */,
				678EAF491C938D3C006F7FDD /* TagsAPISpec.swift in Sources */,
				679CC1351A6BD9BB003846D8 /* FeedSpec.swift in Sources */,
				67F606A81A6ACDBA002DEAC1 /* SpecHelper.swift in Sources */,
			);
			runOnlyForDeploymentPostprocessing = 0;
		};
		67F71B931A698B9800D8A6BC /* Sources */ = {
			isa = PBXSourcesBuildPhase;
			buildActionMask = 2147483647;
			files = (
				67B3703A1A6E10C100B31D57 /* SubscriptionsAPI.swift in Sources */,
				67B5105B1A69EBA200BB46B7 /* Subscription.swift in Sources */,
				6796477F1A6B50F500D133E6 /* Evernote.swift in Sources */,
				67B510591A69EBA200BB46B7 /* Profile.swift in Sources */,
				678EAF361C9191D9006F7FDD /* API.swift in Sources */,
				67F606C31A6B4B2F002DEAC1 /* Tag.swift in Sources */,
				67363B5C1A7366AA009F8FBC /* Link.swift in Sources */,
				67B5105A1A69EBA200BB46B7 /* Stream.swift in Sources */,
				679CC12E1A6BD2D6003846D8 /* Content.swift in Sources */,
				679647831A6B50F500D133E6 /* Twitter.swift in Sources */,
				67C810031A8B218500E4B18C /* SearchAPI.swift in Sources */,
				67B510571A69EBA200BB46B7 /* Entry.swift in Sources */,
				679647811A6B50F500D133E6 /* Microsoft.swift in Sources */,
				6729EB011C881C1F00A787B1 /* StringExtension.swift in Sources */,
				67363B561A73669C009F8FBC /* FeedsAPI.swift in Sources */,
				67B510581A69EBA200BB46B7 /* Feed.swift in Sources */,
				67363B5E1A7366AA009F8FBC /* Visual.swift in Sources */,
				67B510561A69EBA200BB46B7 /* CloudAPIClient.swift in Sources */,
				67B370371A6E10B100B31D57 /* StreamsAPI.swift in Sources */,
				67B370431A6EA3A500B31D57 /* ProfileAPI.swift in Sources */,
				67B370401A6EA38C00B31D57 /* EntriesAPI.swift in Sources */,
				67363B521A716077009F8FBC /* MarkersAPI.swift in Sources */,
				67B510551A69EBA200BB46B7 /* Category.swift in Sources */,
				67B3703D1A6EA37800B31D57 /* CategoriesAPI.swift in Sources */,
				67F606BD1A6B49A6002DEAC1 /* Preferences.swift in Sources */,
				67363B581A73669C009F8FBC /* TagsAPI.swift in Sources */,
				67213E9C1A6B51300074471B /* Marker.swift in Sources */,
				679CC12B1A6BCF7B003846D8 /* Origin.swift in Sources */,
			);
			runOnlyForDeploymentPostprocessing = 0;
		};
		67F71B9E1A698B9800D8A6BC /* Sources */ = {
			isa = PBXSourcesBuildPhase;
			buildActionMask = 2147483647;
			files = (
				67363B621A7366DB009F8FBC /* CloudAPISpec.swift in Sources */,
				678EAF4B1C940851006F7FDD /* MarkersAPISpec.swift in Sources */,
				678EAF391C91C044006F7FDD /* FeedsAPISpec.swift in Sources */,
				678EAF3F1C91CFF0006F7FDD /* SubscriptionsAPISpec.swift in Sources */,
				67F606A01A6AB978002DEAC1 /* ProfileSpec.swift in Sources */,
				678EAF421C930689006F7FDD /* ProfileAPISpec.swift in Sources */,
				678EAF451C9381EF006F7FDD /* CategoriesAPISPec.swift in Sources */,
				678EAF3C1C91C483006F7FDD /* EntriesAPISpec.swift in Sources */,
				676491161A6BE52700AD505D /* SubscriptionSpec.swift in Sources */,
				678EAF331C908571006F7FDD /* StreamsAPISpec.swift in Sources */,
				67363B641A7366DB009F8FBC /* EntrySpec.swift in Sources */,
				678EAF481C938D3C006F7FDD /* TagsAPISpec.swift in Sources */,
				67F606A71A6ACDBA002DEAC1 /* SpecHelper.swift in Sources */,
				679CC1341A6BD9BB003846D8 /* FeedSpec.swift in Sources */,
			);
			runOnlyForDeploymentPostprocessing = 0;
		};
/* End PBXSourcesBuildPhase section */

/* Begin PBXTargetDependency section */
		67B510031A69929800BB46B7 /* PBXTargetDependency */ = {
			isa = PBXTargetDependency;
			target = 67B50FF51A69929800BB46B7 /* FeedlyKit-iOS */;
			targetProxy = 67B510021A69929800BB46B7 /* PBXContainerItemProxy */;
		};
		67F71BA51A698B9800D8A6BC /* PBXTargetDependency */ = {
			isa = PBXTargetDependency;
			target = 67F71B971A698B9800D8A6BC /* FeedlyKit-Mac */;
			targetProxy = 67F71BA41A698B9800D8A6BC /* PBXContainerItemProxy */;
		};
/* End PBXTargetDependency section */

/* Begin XCBuildConfiguration section */
		67B5100A1A69929800BB46B7 /* Debug */ = {
			isa = XCBuildConfiguration;
			buildSettings = {
				DEFINES_MODULE = YES;
				DYLIB_COMPATIBILITY_VERSION = 1;
				DYLIB_CURRENT_VERSION = 1;
				DYLIB_INSTALL_NAME_BASE = "@rpath";
				FRAMEWORK_SEARCH_PATHS = (
					"$(inherited)",
					"$(PROJECT_DIR)/Carthage/Build/iOS",
				);
				GCC_PREPROCESSOR_DEFINITIONS = (
					"DEBUG=1",
					"$(inherited)",
				);
				INFOPLIST_FILE = "$(SRCROOT)/Info.plist";
				INSTALL_PATH = "$(LOCAL_LIBRARY_DIR)/Frameworks";
				IPHONEOS_DEPLOYMENT_TARGET = 8.0;
				LD_RUNPATH_SEARCH_PATHS = "$(inherited) @executable_path/Frameworks @loader_path/Frameworks";
				PRODUCT_BUNDLE_IDENTIFIER = "io.kumabook.$(PRODUCT_NAME:rfc1034identifier)";
				PRODUCT_NAME = "$(PROJECT_NAME)";
				SKIP_INSTALL = YES;
			};
			name = Debug;
		};
		67B5100B1A69929800BB46B7 /* Release */ = {
			isa = XCBuildConfiguration;
			buildSettings = {
				DEFINES_MODULE = YES;
				DYLIB_COMPATIBILITY_VERSION = 1;
				DYLIB_CURRENT_VERSION = 1;
				DYLIB_INSTALL_NAME_BASE = "@rpath";
				FRAMEWORK_SEARCH_PATHS = (
					"$(inherited)",
					"$(PROJECT_DIR)/Carthage/Build/iOS",
				);
				INFOPLIST_FILE = "$(SRCROOT)/Info.plist";
				INSTALL_PATH = "$(LOCAL_LIBRARY_DIR)/Frameworks";
				IPHONEOS_DEPLOYMENT_TARGET = 8.0;
				LD_RUNPATH_SEARCH_PATHS = "$(inherited) @executable_path/Frameworks @loader_path/Frameworks";
				PRODUCT_BUNDLE_IDENTIFIER = "io.kumabook.$(PRODUCT_NAME:rfc1034identifier)";
				PRODUCT_NAME = "$(PROJECT_NAME)";
				SKIP_INSTALL = YES;
				VALIDATE_PRODUCT = YES;
			};
			name = Release;
		};
		67B5100D1A69929800BB46B7 /* Debug */ = {
			isa = XCBuildConfiguration;
			buildSettings = {
				FRAMEWORK_SEARCH_PATHS = (
					"$(inherited)",
					"$(PROJECT_DIR)/Carthage/Build/iOS",
				);
				GCC_PREPROCESSOR_DEFINITIONS = (
					"DEBUG=1",
					"$(inherited)",
				);
				INFOPLIST_FILE = Spec/Info.plist;
				LD_RUNPATH_SEARCH_PATHS = "$(inherited) @executable_path/Frameworks @loader_path/Frameworks";
				PRODUCT_BUNDLE_IDENTIFIER = "io.kumabook.$(PRODUCT_NAME:rfc1034identifier)";
				PRODUCT_NAME = "$(TARGET_NAME)";
			};
			name = Debug;
		};
		67B5100E1A69929800BB46B7 /* Release */ = {
			isa = XCBuildConfiguration;
			buildSettings = {
				FRAMEWORK_SEARCH_PATHS = (
					"$(SDKROOT)/Developer/Library/Frameworks",
					"$(inherited)",
					"$(PROJECT_DIR)/Carthage/Build/iOS",
				);
				INFOPLIST_FILE = Spec/Info.plist;
				LD_RUNPATH_SEARCH_PATHS = "$(inherited) @executable_path/Frameworks @loader_path/Frameworks";
				PRODUCT_BUNDLE_IDENTIFIER = "io.kumabook.$(PRODUCT_NAME:rfc1034identifier)";
				PRODUCT_NAME = "$(TARGET_NAME)";
				VALIDATE_PRODUCT = YES;
			};
			name = Release;
		};
		67C9DE361A637F5E00B73CCA /* Debug */ = {
			isa = XCBuildConfiguration;
			buildSettings = {
				ALWAYS_SEARCH_USER_PATHS = NO;
				CLANG_CXX_LANGUAGE_STANDARD = "gnu++0x";
				CLANG_CXX_LIBRARY = "libc++";
				CLANG_ENABLE_MODULES = YES;
				CLANG_ENABLE_OBJC_ARC = YES;
				CLANG_WARN_BOOL_CONVERSION = YES;
				CLANG_WARN_CONSTANT_CONVERSION = YES;
				CLANG_WARN_DIRECT_OBJC_ISA_USAGE = YES_ERROR;
				CLANG_WARN_EMPTY_BODY = YES;
				CLANG_WARN_ENUM_CONVERSION = YES;
				CLANG_WARN_INT_CONVERSION = YES;
				CLANG_WARN_OBJC_ROOT_CLASS = YES_ERROR;
				CLANG_WARN_UNREACHABLE_CODE = YES;
				CLANG_WARN__DUPLICATE_METHOD_MATCH = YES;
				"CODE_SIGN_IDENTITY[sdk=iphoneos*]" = "iPhone Developer";
				COPY_PHASE_STRIP = NO;
				CURRENT_PROJECT_VERSION = 1;
				ENABLE_STRICT_OBJC_MSGSEND = YES;
				ENABLE_TESTABILITY = YES;
				GCC_C_LANGUAGE_STANDARD = gnu99;
				GCC_DYNAMIC_NO_PIC = NO;
				GCC_OPTIMIZATION_LEVEL = 0;
				GCC_PREPROCESSOR_DEFINITIONS = (
					"DEBUG=1",
					"$(inherited)",
				);
				GCC_SYMBOLS_PRIVATE_EXTERN = NO;
				GCC_WARN_64_TO_32_BIT_CONVERSION = YES;
				GCC_WARN_ABOUT_RETURN_TYPE = YES_ERROR;
				GCC_WARN_UNDECLARED_SELECTOR = YES;
				GCC_WARN_UNINITIALIZED_AUTOS = YES_AGGRESSIVE;
				GCC_WARN_UNUSED_FUNCTION = YES;
				GCC_WARN_UNUSED_VARIABLE = YES;
				IPHONEOS_DEPLOYMENT_TARGET = 8.0;
				MTL_ENABLE_DEBUG_INFO = YES;
				ONLY_ACTIVE_ARCH = YES;
				SDKROOT = iphoneos;
				SWIFT_OPTIMIZATION_LEVEL = "-Onone";
				TARGETED_DEVICE_FAMILY = "1,2";
				VERSIONING_SYSTEM = "apple-generic";
				VERSION_INFO_PREFIX = "";
			};
			name = Debug;
		};
		67C9DE371A637F5E00B73CCA /* Release */ = {
			isa = XCBuildConfiguration;
			buildSettings = {
				ALWAYS_SEARCH_USER_PATHS = NO;
				CLANG_CXX_LANGUAGE_STANDARD = "gnu++0x";
				CLANG_CXX_LIBRARY = "libc++";
				CLANG_ENABLE_MODULES = YES;
				CLANG_ENABLE_OBJC_ARC = YES;
				CLANG_WARN_BOOL_CONVERSION = YES;
				CLANG_WARN_CONSTANT_CONVERSION = YES;
				CLANG_WARN_DIRECT_OBJC_ISA_USAGE = YES_ERROR;
				CLANG_WARN_EMPTY_BODY = YES;
				CLANG_WARN_ENUM_CONVERSION = YES;
				CLANG_WARN_INT_CONVERSION = YES;
				CLANG_WARN_OBJC_ROOT_CLASS = YES_ERROR;
				CLANG_WARN_UNREACHABLE_CODE = YES;
				CLANG_WARN__DUPLICATE_METHOD_MATCH = YES;
				"CODE_SIGN_IDENTITY[sdk=iphoneos*]" = "iPhone Developer";
				COPY_PHASE_STRIP = YES;
				CURRENT_PROJECT_VERSION = 1;
				ENABLE_NS_ASSERTIONS = NO;
				ENABLE_STRICT_OBJC_MSGSEND = YES;
				GCC_C_LANGUAGE_STANDARD = gnu99;
				GCC_WARN_64_TO_32_BIT_CONVERSION = YES;
				GCC_WARN_ABOUT_RETURN_TYPE = YES_ERROR;
				GCC_WARN_UNDECLARED_SELECTOR = YES;
				GCC_WARN_UNINITIALIZED_AUTOS = YES_AGGRESSIVE;
				GCC_WARN_UNUSED_FUNCTION = YES;
				GCC_WARN_UNUSED_VARIABLE = YES;
				IPHONEOS_DEPLOYMENT_TARGET = 8.0;
				MTL_ENABLE_DEBUG_INFO = NO;
				SDKROOT = iphoneos;
				TARGETED_DEVICE_FAMILY = "1,2";
				VALIDATE_PRODUCT = NO;
				VERSIONING_SYSTEM = "apple-generic";
				VERSION_INFO_PREFIX = "";
			};
			name = Release;
		};
		67F71BAC1A698B9800D8A6BC /* Debug */ = {
			isa = XCBuildConfiguration;
			buildSettings = {
				COMBINE_HIDPI_IMAGES = YES;
				DEBUG_INFORMATION_FORMAT = "dwarf-with-dsym";
				DEFINES_MODULE = YES;
				DYLIB_COMPATIBILITY_VERSION = 1;
				DYLIB_CURRENT_VERSION = 1;
				DYLIB_INSTALL_NAME_BASE = "@rpath";
				FRAMEWORK_SEARCH_PATHS = (
					"$(inherited)",
					"$(PROJECT_DIR)/Carthage/Build/Mac",
				);
				FRAMEWORK_VERSION = A;
				GCC_PREPROCESSOR_DEFINITIONS = (
					"DEBUG=1",
					"$(inherited)",
				);
				INFOPLIST_FILE = "$(SRCROOT)/Info.plist";
				INSTALL_PATH = "$(LOCAL_LIBRARY_DIR)/Frameworks";
				LD_RUNPATH_SEARCH_PATHS = "$(inherited) @executable_path/../Frameworks @loader_path/Frameworks";
				MACOSX_DEPLOYMENT_TARGET = 10.10;
				PRODUCT_BUNDLE_IDENTIFIER = "io.kumabook.$(PRODUCT_NAME:rfc1034identifier)";
				PRODUCT_NAME = "$(PROJECT_NAME)";
				SDKROOT = macosx;
				SKIP_INSTALL = YES;
				VALIDATE_PRODUCT = YES;
			};
			name = Debug;
		};
		67F71BAD1A698B9800D8A6BC /* Release */ = {
			isa = XCBuildConfiguration;
			buildSettings = {
				COMBINE_HIDPI_IMAGES = YES;
				DEBUG_INFORMATION_FORMAT = "dwarf-with-dsym";
				DEFINES_MODULE = YES;
				DYLIB_COMPATIBILITY_VERSION = 1;
				DYLIB_CURRENT_VERSION = 1;
				DYLIB_INSTALL_NAME_BASE = "@rpath";
				FRAMEWORK_SEARCH_PATHS = (
					"$(inherited)",
					"$(PROJECT_DIR)/Carthage/Build/Mac",
				);
				FRAMEWORK_VERSION = A;
				INFOPLIST_FILE = "$(SRCROOT)/Info.plist";
				INSTALL_PATH = "$(LOCAL_LIBRARY_DIR)/Frameworks";
				LD_RUNPATH_SEARCH_PATHS = "$(inherited) @executable_path/../Frameworks @loader_path/Frameworks";
				MACOSX_DEPLOYMENT_TARGET = 10.10;
				PRODUCT_BUNDLE_IDENTIFIER = "io.kumabook.$(PRODUCT_NAME:rfc1034identifier)";
				PRODUCT_NAME = "$(PROJECT_NAME)";
				SDKROOT = macosx;
				SKIP_INSTALL = YES;
			};
			name = Release;
		};
		67F71BAF1A698B9800D8A6BC /* Debug */ = {
			isa = XCBuildConfiguration;
			buildSettings = {
				COMBINE_HIDPI_IMAGES = YES;
				FRAMEWORK_SEARCH_PATHS = (
					"$(DEVELOPER_FRAMEWORKS_DIR)",
					"$(inherited)",
					"$(PROJECT_DIR)/Carthage/Build/Mac",
				);
				GCC_PREPROCESSOR_DEFINITIONS = (
					"DEBUG=1",
					"$(inherited)",
				);
				INFOPLIST_FILE = Spec/Info.plist;
				LD_RUNPATH_SEARCH_PATHS = "$(inherited) @executable_path/../Frameworks @loader_path/../Frameworks";
				MACOSX_DEPLOYMENT_TARGET = 10.10;
				OTHER_LDFLAGS = (
					"$(inherited)",
					"-framework",
					XCTest,
				);
				PRODUCT_BUNDLE_IDENTIFIER = "io.kumabook.$(PRODUCT_NAME:rfc1034identifier)";
				PRODUCT_NAME = "$(TARGET_NAME)";
				SDKROOT = macosx;
			};
			name = Debug;
		};
		67F71BB01A698B9800D8A6BC /* Release */ = {
			isa = XCBuildConfiguration;
			buildSettings = {
				COMBINE_HIDPI_IMAGES = YES;
				DEBUG_INFORMATION_FORMAT = "dwarf-with-dsym";
				FRAMEWORK_SEARCH_PATHS = (
					"$(DEVELOPER_FRAMEWORKS_DIR)",
					"$(inherited)",
					"$(PROJECT_DIR)/Carthage/Build/Mac",
				);
				INFOPLIST_FILE = Spec/Info.plist;
				LD_RUNPATH_SEARCH_PATHS = "$(inherited) @executable_path/../Frameworks @loader_path/../Frameworks";
				MACOSX_DEPLOYMENT_TARGET = 10.10;
				OTHER_LDFLAGS = (
					"$(inherited)",
					"-framework",
					XCTest,
				);
				PRODUCT_BUNDLE_IDENTIFIER = "io.kumabook.$(PRODUCT_NAME:rfc1034identifier)";
				PRODUCT_NAME = "$(TARGET_NAME)";
				SDKROOT = macosx;
			};
			name = Release;
		};
/* End XCBuildConfiguration section */

/* Begin XCConfigurationList section */
		67B510091A69929800BB46B7 /* Build configuration list for PBXNativeTarget "FeedlyKit-iOS" */ = {
			isa = XCConfigurationList;
			buildConfigurations = (
				67B5100A1A69929800BB46B7 /* Debug */,
				67B5100B1A69929800BB46B7 /* Release */,
			);
			defaultConfigurationIsVisible = 0;
			defaultConfigurationName = Release;
		};
		67B5100C1A69929800BB46B7 /* Build configuration list for PBXNativeTarget "FeedlyKit-iOSTests" */ = {
			isa = XCConfigurationList;
			buildConfigurations = (
				67B5100D1A69929800BB46B7 /* Debug */,
				67B5100E1A69929800BB46B7 /* Release */,
			);
			defaultConfigurationIsVisible = 0;
			defaultConfigurationName = Release;
		};
		67C9DE1C1A637F5E00B73CCA /* Build configuration list for PBXProject "FeedlyKit" */ = {
			isa = XCConfigurationList;
			buildConfigurations = (
				67C9DE361A637F5E00B73CCA /* Debug */,
				67C9DE371A637F5E00B73CCA /* Release */,
			);
			defaultConfigurationIsVisible = 0;
			defaultConfigurationName = Release;
		};
		67F71BAB1A698B9800D8A6BC /* Build configuration list for PBXNativeTarget "FeedlyKit-Mac" */ = {
			isa = XCConfigurationList;
			buildConfigurations = (
				67F71BAC1A698B9800D8A6BC /* Debug */,
				67F71BAD1A698B9800D8A6BC /* Release */,
			);
			defaultConfigurationIsVisible = 0;
			defaultConfigurationName = Release;
		};
		67F71BAE1A698B9800D8A6BC /* Build configuration list for PBXNativeTarget "FeedlyKit-MacTests" */ = {
			isa = XCConfigurationList;
			buildConfigurations = (
				67F71BAF1A698B9800D8A6BC /* Debug */,
				67F71BB01A698B9800D8A6BC /* Release */,
			);
			defaultConfigurationIsVisible = 0;
			defaultConfigurationName = Release;
		};
/* End XCConfigurationList section */
	};
	rootObject = 67C9DE191A637F5E00B73CCA /* Project object */;
}
