// !$*UTF8*$!
{
	archiveVersion = 1;
	classes = {
	};
	objectVersion = 46;
	objects = {

/* Begin PBXBuildFile section */
		11B6BD7AC1EDAB1E13FDC362 /* Pods_FeedlyKitExample.framework in Frameworks */ = {isa = PBXBuildFile; fileRef = F915F649C99024929A4E39E8 /* Pods_FeedlyKitExample.framework */; };
		67E671401C886C200048BDBC /* AppDelegate.swift in Sources */ = {isa = PBXBuildFile; fileRef = 67E6713F1C886C200048BDBC /* AppDelegate.swift */; };
		67E671421C886C200048BDBC /* ViewController.swift in Sources */ = {isa = PBXBuildFile; fileRef = 67E671411C886C200048BDBC /* ViewController.swift */; };
		67E671471C886C210048BDBC /* Assets.xcassets in Resources */ = {isa = PBXBuildFile; fileRef = 67E671461C886C210048BDBC /* Assets.xcassets */; };
		67E6714A1C886C210048BDBC /* LaunchScreen.storyboard in Resources */ = {isa = PBXBuildFile; fileRef = 67E671481C886C210048BDBC /* LaunchScreen.storyboard */; };
/* End PBXBuildFile section */

/* Begin PBXFileReference section */
		28125BDB01B6F753DD087F13 /* Pods-FeedlyKitExample.debug.xcconfig */ = {isa = PBXFileReference; includeInIndex = 1; lastKnownFileType = text.xcconfig; name = "Pods-FeedlyKitExample.debug.xcconfig"; path = "Pods/Target Support Files/Pods-FeedlyKitExample/Pods-FeedlyKitExample.debug.xcconfig"; sourceTree = "<group>"; };
		67E6713C1C886C200048BDBC /* FeedlyKitExample.app */ = {isa = PBXFileReference; explicitFileType = wrapper.application; includeInIndex = 0; path = FeedlyKitExample.app; sourceTree = BUILT_PRODUCTS_DIR; };
		67E6713F1C886C200048BDBC /* AppDelegate.swift */ = {isa = PBXFileReference; lastKnownFileType = sourcecode.swift; path = AppDelegate.swift; sourceTree = "<group>"; };
		67E671411C886C200048BDBC /* ViewController.swift */ = {isa = PBXFileReference; lastKnownFileType = sourcecode.swift; path = ViewController.swift; sourceTree = "<group>"; };
		67E671461C886C210048BDBC /* Assets.xcassets */ = {isa = PBXFileReference; lastKnownFileType = folder.assetcatalog; path = Assets.xcassets; sourceTree = "<group>"; };
		67E671491C886C210048BDBC /* Base */ = {isa = PBXFileReference; lastKnownFileType = file.storyboard; name = Base; path = Base.lproj/LaunchScreen.storyboard; sourceTree = "<group>"; };
		67E6714B1C886C210048BDBC /* Info.plist */ = {isa = PBXFileReference; lastKnownFileType = text.plist.xml; path = Info.plist; sourceTree = "<group>"; };
		8A8215357383D5B7ECC6F703 /* Pods-FeedlyKitExample.release.xcconfig */ = {isa = PBXFileReference; includeInIndex = 1; lastKnownFileType = text.xcconfig; name = "Pods-FeedlyKitExample.release.xcconfig"; path = "Pods/Target Support Files/Pods-FeedlyKitExample/Pods-FeedlyKitExample.release.xcconfig"; sourceTree = "<group>"; };
		F915F649C99024929A4E39E8 /* Pods_FeedlyKitExample.framework */ = {isa = PBXFileReference; explicitFileType = wrapper.framework; includeInIndex = 0; path = Pods_FeedlyKitExample.framework; sourceTree = BUILT_PRODUCTS_DIR; };
/* End PBXFileReference section */

/* Begin PBXFrameworksBuildPhase section */
		67E671391C886C200048BDBC /* Frameworks */ = {
			isa = PBXFrameworksBuildPhase;
			buildActionMask = 2147483647;
			files = (
				11B6BD7AC1EDAB1E13FDC362 /* Pods_FeedlyKitExample.framework in Frameworks */,
			);
			runOnlyForDeploymentPostprocessing = 0;
		};
/* End PBXFrameworksBuildPhase section */

/* Begin PBXGroup section */
		67E671331C886C200048BDBC = {
			isa = PBXGroup;
			children = (
				67E6713E1C886C200048BDBC /* FeedlyKitExample */,
				67E6713D1C886C200048BDBC /* Products */,
				FC5BF094CF13AFE258359981 /* Pods */,
				8DE556D817F3BD542A441A36 /* Frameworks */,
			);
			sourceTree = "<group>";
		};
		67E6713D1C886C200048BDBC /* Products */ = {
			isa = PBXGroup;
			children = (
				67E6713C1C886C200048BDBC /* FeedlyKitExample.app */,
			);
			name = Products;
			sourceTree = "<group>";
		};
		67E6713E1C886C200048BDBC /* FeedlyKitExample */ = {
			isa = PBXGroup;
			children = (
				67E6713F1C886C200048BDBC /* AppDelegate.swift */,
				67E671411C886C200048BDBC /* ViewController.swift */,
				67E671461C886C210048BDBC /* Assets.xcassets */,
				67E671481C886C210048BDBC /* LaunchScreen.storyboard */,
				67E6714B1C886C210048BDBC /* Info.plist */,
			);
			path = FeedlyKitExample;
			sourceTree = "<group>";
		};
		8DE556D817F3BD542A441A36 /* Frameworks */ = {
			isa = PBXGroup;
			children = (
				F915F649C99024929A4E39E8 /* Pods_FeedlyKitExample.framework */,
			);
			name = Frameworks;
			sourceTree = "<group>";
		};
		FC5BF094CF13AFE258359981 /* Pods */ = {
			isa = PBXGroup;
			children = (
				28125BDB01B6F753DD087F13 /* Pods-FeedlyKitExample.debug.xcconfig */,
				8A8215357383D5B7ECC6F703 /* Pods-FeedlyKitExample.release.xcconfig */,
			);
			name = Pods;
			sourceTree = "<group>";
		};
/* End PBXGroup section */

/* Begin PBXNativeTarget section */
		67E6713B1C886C200048BDBC /* FeedlyKitExample */ = {
			isa = PBXNativeTarget;
			buildConfigurationList = 67E671591C886C210048BDBC /* Build configuration list for PBXNativeTarget "FeedlyKitExample" */;
			buildPhases = (
				832BBA0F4083D3F127EE9E64 /* [CP] Check Pods Manifest.lock */,
				67E671381C886C200048BDBC /* Sources */,
				67E671391C886C200048BDBC /* Frameworks */,
				67E6713A1C886C200048BDBC /* Resources */,
				CBD82905148709F7AE7DE451 /* [CP] Embed Pods Frameworks */,
				4E9C20E7C38226BB52EE36AB /* [CP] Copy Pods Resources */,
			);
			buildRules = (
			);
			dependencies = (
			);
			name = FeedlyKitExample;
			productName = FeedlyKitExample;
			productReference = 67E6713C1C886C200048BDBC /* FeedlyKitExample.app */;
			productType = "com.apple.product-type.application";
		};
/* End PBXNativeTarget section */

/* Begin PBXProject section */
		67E671341C886C200048BDBC /* Project object */ = {
			isa = PBXProject;
			attributes = {
				LastSwiftUpdateCheck = 0720;
				LastUpgradeCheck = 0900;
				ORGANIZATIONNAME = kumabook;
				TargetAttributes = {
					67E6713B1C886C200048BDBC = {
						CreatedOnToolsVersion = 7.2.1;
						LastSwiftMigration = 0810;
						ProvisioningStyle = Manual;
					};
				};
			};
			buildConfigurationList = 67E671371C886C200048BDBC /* Build configuration list for PBXProject "FeedlyKitExample" */;
			compatibilityVersion = "Xcode 3.2";
			developmentRegion = English;
			hasScannedForEncodings = 0;
			knownRegions = (
				en,
				Base,
			);
			mainGroup = 67E671331C886C200048BDBC;
			productRefGroup = 67E6713D1C886C200048BDBC /* Products */;
			projectDirPath = "";
			projectRoot = "";
			targets = (
				67E6713B1C886C200048BDBC /* FeedlyKitExample */,
			);
		};
/* End PBXProject section */

/* Begin PBXResourcesBuildPhase section */
		67E6713A1C886C200048BDBC /* Resources */ = {
			isa = PBXResourcesBuildPhase;
			buildActionMask = 2147483647;
			files = (
				67E6714A1C886C210048BDBC /* LaunchScreen.storyboard in Resources */,
				67E671471C886C210048BDBC /* Assets.xcassets in Resources */,
			);
			runOnlyForDeploymentPostprocessing = 0;
		};
/* End PBXResourcesBuildPhase section */

/* Begin PBXShellScriptBuildPhase section */
		4E9C20E7C38226BB52EE36AB /* [CP] Copy Pods Resources */ = {
			isa = PBXShellScriptBuildPhase;
			buildActionMask = 2147483647;
			files = (
			);
			inputPaths = (
			);
			name = "[CP] Copy Pods Resources";
			outputPaths = (
			);
			runOnlyForDeploymentPostprocessing = 0;
			shellPath = /bin/sh;
			shellScript = "\"${SRCROOT}/Pods/Target Support Files/Pods-FeedlyKitExample/Pods-FeedlyKitExample-resources.sh\"\n";
			showEnvVarsInLog = 0;
		};
		832BBA0F4083D3F127EE9E64 /* [CP] Check Pods Manifest.lock */ = {
			isa = PBXShellScriptBuildPhase;
			buildActionMask = 2147483647;
			files = (
			);
			inputPaths = (
			);
			name = "[CP] Check Pods Manifest.lock";
			outputPaths = (
			);
			runOnlyForDeploymentPostprocessing = 0;
			shellPath = /bin/sh;
			shellScript = "diff \"${PODS_PODFILE_DIR_PATH}/Podfile.lock\" \"${PODS_ROOT}/Manifest.lock\" > /dev/null\nif [ $? != 0 ] ; then\n    # print error to STDERR\n    echo \"error: The sandbox is not in sync with the Podfile.lock. Run 'pod install' or update your CocoaPods installation.\" >&2\n    exit 1\nfi\n";
			showEnvVarsInLog = 0;
		};
		CBD82905148709F7AE7DE451 /* [CP] Embed Pods Frameworks */ = {
			isa = PBXShellScriptBuildPhase;
			buildActionMask = 2147483647;
			files = (
			);
			inputPaths = (
			);
			name = "[CP] Embed Pods Frameworks";
			outputPaths = (
			);
			runOnlyForDeploymentPostprocessing = 0;
			shellPath = /bin/sh;
			shellScript = "\"${SRCROOT}/Pods/Target Support Files/Pods-FeedlyKitExample/Pods-FeedlyKitExample-frameworks.sh\"\n";
			showEnvVarsInLog = 0;
		};
/* End PBXShellScriptBuildPhase section */

/* Begin PBXSourcesBuildPhase section */
		67E671381C886C200048BDBC /* Sources */ = {
			isa = PBXSourcesBuildPhase;
			buildActionMask = 2147483647;
			files = (
				67E671421C886C200048BDBC /* ViewController.swift in Sources */,
				67E671401C886C200048BDBC /* AppDelegate.swift in Sources */,
			);
			runOnlyForDeploymentPostprocessing = 0;
		};
/* End PBXSourcesBuildPhase section */

/* Begin PBXVariantGroup section */
		67E671481C886C210048BDBC /* LaunchScreen.storyboard */ = {
			isa = PBXVariantGroup;
			children = (
				67E671491C886C210048BDBC /* Base */,
			);
			name = LaunchScreen.storyboard;
			sourceTree = "<group>";
		};
/* End PBXVariantGroup section */

/* Begin XCBuildConfiguration section */
		67E671571C886C210048BDBC /* Debug */ = {
			isa = XCBuildConfiguration;
			buildSettings = {
				ALWAYS_SEARCH_USER_PATHS = NO;
				CLANG_CXX_LANGUAGE_STANDARD = "gnu++0x";
				CLANG_CXX_LIBRARY = "libc++";
				CLANG_ENABLE_MODULES = YES;
				CLANG_ENABLE_OBJC_ARC = YES;
				CLANG_WARN_BLOCK_CAPTURE_AUTORELEASING = YES;
				CLANG_WARN_BOOL_CONVERSION = YES;
				CLANG_WARN_COMMA = YES;
				CLANG_WARN_CONSTANT_CONVERSION = YES;
				CLANG_WARN_DIRECT_OBJC_ISA_USAGE = YES_ERROR;
				CLANG_WARN_EMPTY_BODY = YES;
				CLANG_WARN_ENUM_CONVERSION = YES;
				CLANG_WARN_INFINITE_RECURSION = YES;
				CLANG_WARN_INT_CONVERSION = YES;
				CLANG_WARN_NON_LITERAL_NULL_CONVERSION = YES;
				CLANG_WARN_OBJC_LITERAL_CONVERSION = YES;
				CLANG_WARN_OBJC_ROOT_CLASS = YES_ERROR;
				CLANG_WARN_RANGE_LOOP_ANALYSIS = YES;
				CLANG_WARN_STRICT_PROTOTYPES = YES;
				CLANG_WARN_SUSPICIOUS_MOVE = YES;
				CLANG_WARN_UNREACHABLE_CODE = YES;
				CLANG_WARN__DUPLICATE_METHOD_MATCH = YES;
				"CODE_SIGN_IDENTITY[sdk=iphoneos*]" = "iPhone Developer";
				COPY_PHASE_STRIP = NO;
				DEBUG_INFORMATION_FORMAT = dwarf;
				ENABLE_STRICT_OBJC_MSGSEND = YES;
				ENABLE_TESTABILITY = YES;
				GCC_C_LANGUAGE_STANDARD = gnu99;
				GCC_DYNAMIC_NO_PIC = NO;
				GCC_NO_COMMON_BLOCKS = YES;
				GCC_OPTIMIZATION_LEVEL = 0;
				GCC_PREPROCESSOR_DEFINITIONS = (
					"DEBUG=1",
					"$(inherited)",
				);
				GCC_WARN_64_TO_32_BIT_CONVERSION = YES;
				GCC_WARN_ABOUT_RETURN_TYPE = YES_ERROR;
				GCC_WARN_UNDECLARED_SELECTOR = YES;
				GCC_WARN_UNINITIALIZED_AUTOS = YES_AGGRESSIVE;
				GCC_WARN_UNUSED_FUNCTION = YES;
				GCC_WARN_UNUSED_VARIABLE = YES;
				IPHONEOS_DEPLOYMENT_TARGET = 9.0;
				MTL_ENABLE_DEBUG_INFO = YES;
				ONLY_ACTIVE_ARCH = YES;
				SDKROOT = iphoneos;
				SWIFT_OPTIMIZATION_LEVEL = "-Onone";
				TARGETED_DEVICE_FAMILY = "1,2";
			};
			name = Debug;
		};
		67E671581C886C210048BDBC /* Release */ = {
			isa = XCBuildConfiguration;
			buildSettings = {
				ALWAYS_SEARCH_USER_PATHS = NO;
				CLANG_CXX_LANGUAGE_STANDARD = "gnu++0x";
				CLANG_CXX_LIBRARY = "libc++";
				CLANG_ENABLE_MODULES = YES;
				CLANG_ENABLE_OBJC_ARC = YES;
				CLANG_WARN_BLOCK_CAPTURE_AUTORELEASING = YES;
				CLANG_WARN_BOOL_CONVERSION = YES;
				CLANG_WARN_COMMA = YES;
				CLANG_WARN_CONSTANT_CONVERSION = YES;
				CLANG_WARN_DIRECT_OBJC_ISA_USAGE = YES_ERROR;
				CLANG_WARN_EMPTY_BODY = YES;
				CLANG_WARN_ENUM_CONVERSION = YES;
				CLANG_WARN_INFINITE_RECURSION = YES;
				CLANG_WARN_INT_CONVERSION = YES;
				CLANG_WARN_NON_LITERAL_NULL_CONVERSION = YES;
				CLANG_WARN_OBJC_LITERAL_CONVERSION = YES;
				CLANG_WARN_OBJC_ROOT_CLASS = YES_ERROR;
				CLANG_WARN_RANGE_LOOP_ANALYSIS = YES;
				CLANG_WARN_STRICT_PROTOTYPES = YES;
				CLANG_WARN_SUSPICIOUS_MOVE = YES;
				CLANG_WARN_UNREACHABLE_CODE = YES;
				CLANG_WARN__DUPLICATE_METHOD_MATCH = YES;
				"CODE_SIGN_IDENTITY[sdk=iphoneos*]" = "iPhone Developer";
				COPY_PHASE_STRIP = NO;
				DEBUG_INFORMATION_FORMAT = "dwarf-with-dsym";
				ENABLE_NS_ASSERTIONS = NO;
				ENABLE_STRICT_OBJC_MSGSEND = YES;
				GCC_C_LANGUAGE_STANDARD = gnu99;
				GCC_NO_COMMON_BLOCKS = YES;
				GCC_WARN_64_TO_32_BIT_CONVERSION = YES;
				GCC_WARN_ABOUT_RETURN_TYPE = YES_ERROR;
				GCC_WARN_UNDECLARED_SELECTOR = YES;
				GCC_WARN_UNINITIALIZED_AUTOS = YES_AGGRESSIVE;
				GCC_WARN_UNUSED_FUNCTION = YES;
				GCC_WARN_UNUSED_VARIABLE = YES;
				IPHONEOS_DEPLOYMENT_TARGET = 9.0;
				MTL_ENABLE_DEBUG_INFO = NO;
				SDKROOT = iphoneos;
				SWIFT_OPTIMIZATION_LEVEL = "-Owholemodule";
				TARGETED_DEVICE_FAMILY = "1,2";
				VALIDATE_PRODUCT = YES;
			};
			name = Release;
		};
		67E6715A1C886C210048BDBC /* Debug */ = {
			isa = XCBuildConfiguration;
			baseConfigurationReference = 28125BDB01B6F753DD087F13 /* Pods-FeedlyKitExample.debug.xcconfig */;
			buildSettings = {
				ALWAYS_EMBED_SWIFT_STANDARD_LIBRARIES = YES;
				ASSETCATALOG_COMPILER_APPICON_NAME = AppIcon;
				DEVELOPMENT_TEAM = "";
				INFOPLIST_FILE = FeedlyKitExample/Info.plist;
				LD_RUNPATH_SEARCH_PATHS = "$(inherited) @executable_path/Frameworks";
				PRODUCT_BUNDLE_IDENTIFIER = io.kumabook.FeedlyKitExample;
				PRODUCT_NAME = "$(TARGET_NAME)";
				SWIFT_VERSION = 4.0;
			};
			name = Debug;
		};
		67E6715B1C886C210048BDBC /* Release */ = {
			isa = XCBuildConfiguration;
			baseConfigurationReference = 8A8215357383D5B7ECC6F703 /* Pods-FeedlyKitExample.release.xcconfig */;
			buildSettings = {
				ALWAYS_EMBED_SWIFT_STANDARD_LIBRARIES = YES;
				ASSETCATALOG_COMPILER_APPICON_NAME = AppIcon;
				DEVELOPMENT_TEAM = "";
				INFOPLIST_FILE = FeedlyKitExample/Info.plist;
				LD_RUNPATH_SEARCH_PATHS = "$(inherited) @executable_path/Frameworks";
				PRODUCT_BUNDLE_IDENTIFIER = io.kumabook.FeedlyKitExample;
				PRODUCT_NAME = "$(TARGET_NAME)";
				SWIFT_VERSION = 4.0;
			};
			name = Release;
		};
/* End XCBuildConfiguration section */

/* Begin XCConfigurationList section */
		67E671371C886C200048BDBC /* Build configuration list for PBXProject "FeedlyKitExample" */ = {
			isa = XCConfigurationList;
			buildConfigurations = (
				67E671571C886C210048BDBC /* Debug */,
				67E671581C886C210048BDBC /* Release */,
			);
			defaultConfigurationIsVisible = 0;
			defaultConfigurationName = Release;
		};
		67E671591C886C210048BDBC /* Build configuration list for PBXNativeTarget "FeedlyKitExample" */ = {
			isa = XCConfigurationList;
			buildConfigurations = (
				67E6715A1C886C210048BDBC /* Debug */,
				67E6715B1C886C210048BDBC /* Release */,
			);
			defaultConfigurationIsVisible = 0;
			defaultConfigurationName = Release;
		};
/* End XCConfigurationList section */
	};
	rootObject = 67E671341C886C200048BDBC /* Project object */;
}
